<?xml version="1.0" encoding="UTF-8"?>
<CONFIG>
  <ProjectOptions>
    <Version Value="9"/>
    <General>
      <Flags>
        <MainUnitHasUsesSectionForAllUnits Value="False"/>
        <LRSInOutputDirectory Value="False"/>
      </Flags>
      <MainUnit Value="0"/>
      <AutoCreateForms Value="False"/>
      <Title Value="HybridSequencer.lpi"/>
      <UseAppBundle Value="False"/>
    </General>
    <VersionInfo>
      <UseVersionInfo Value="True"/>
      <MinorVersionNr Value="5"/>
      <StringTable CompanyName="Sensory Overload Records" ProductName="Hybrid Sequencer" ProductVersion="0.0.1.0"/>
    </VersionInfo>
    <CustomData Count="13">
      <Item0 Name="lazpackager/copyright" Value="2012 Jane Doe"/>
      <Item1 Name="lazpackager/deb/ppa" Value="ppa:johndoe/use-your-own"/>
      <Item2 Name="lazpackager/deb/series" Value="precise"/>
      <Item3 Name="lazpackager/deb/tpl_changelog" Value="?PACKAGE_NAME? (?FULLVERSION?) ?SERIES?; urgency=low

  * Original version ?VERSION? packaged with lazdebian

 -- ?MAINTAINER? &lt;?MAINTAINER_EMAIL?>  ?DATER?
"/>
      <Item4 Name="lazpackager/deb/tpl_control" Value="Source: ?PACKAGE_NAME?
Maintainer: ?MAINTAINER? &lt;?MAINTAINER_EMAIL?>
Section: misc
Priority: optional
Standards-Version: 3.9.3
Build-Depends: fpc, lazarus, lcl, lcl-utils, debhelper (>= 8)

Package: ?PACKAGE_NAME?
Architecture: any
Depends: ${shlibs:Depends}, ${misc:Depends},
Description: ?DESCRIPTION?
 ?DESCRIPTION_LONG?
"/>
      <Item5 Name="lazpackager/deb/tpl_copyright" Value="Format: http://www.debian.org/doc/packaging-manuals/copyright-format/1.0/

Files: *
Copyright: ?COPYRIGHT?
License: GPL-2+
 This program is free software; you can redistribute it and/or modify
 it under the terms of the GNU General Public License as published by
 the Free Software Foundation; either version 2 of the License, or
 at your option) any later version.
 .
 This program is distributed in the hope that it will be useful,
 but WITHOUT ANY WARRANTY; without even the implied warranty of
 MERCHANTABILITY or FITNESS FOR A PARTICULAR PURPOSE. See the
 GNU General Public License for more details.
 .
 You should have received a copy of the GNU General Public License along
 with this program; if not, write to the Free Software Foundation, Inc.,
 51 Franklin Street, Fifth Floor, Boston, MA 02110-1301 USA.
 .
 On Debian systems, the full text of the GNU General Public
 License version 2 can be found in the file
 /usr/share/common-licenses/GPL-2
"/>
      <Item6 Name="lazpackager/deb/tpl_rules" Value="#!/usr/bin/make -f

ROOT = $(CURDIR)/debian/?PACKAGE_NAME?

override_dh_auto_clean:
	$(RM) -r lib
	$(RM) lib *.res ?EXECUTABLE?

override_dh_auto_build:
	lazbuild ?PROJECT?

override_dh_auto_install:
	install -d -m 755 $(ROOT)/usr/bin
	install -s -m 755 ?EXECUTABLE? $(ROOT)/usr/bin

%:
	dh $@
"/>
      <Item7 Name="lazpackager/description" Value="this is a program"/>
      <Item8 Name="lazpackager/description_long" Value="long description may not be empty!"/>
      <Item9 Name="lazpackager/export_cmd" Value="?CP? *.lpi ?TEMPFOLDER?/
?CP? *.lpr ?TEMPFOLDER?/
?CP? *.pas ?TEMPFOLDER?/
?CP? *.lfm ?TEMPFOLDER?/
?CP? *.ico ?TEMPFOLDER?/
"/>
      <Item10 Name="lazpackager/maintainer" Value="John Doe"/>
      <Item11 Name="lazpackager/maintainer_email" Value="john_doe@example.invalid"/>
      <Item12 Name="lazpackager/package_name" Value="debian-package-name"/>
    </CustomData>
    <BuildModes Count="1">
      <Item1 Name="default" Default="True"/>
    </BuildModes>
    <PublishOptions>
      <Version Value="2"/>
      <IgnoreBinaries Value="False"/>
      <IncludeFileFilter Value="*.(pas|pp|inc|lfm|lpr|lrs|lpi|lpk|sh|xml)"/>
      <ExcludeFileFilter Value="*.(bak|ppu|ppw|o|so);*~;backup"/>
    </PublishOptions>
    <RunParams>
      <local>
        <FormatVersion Value="1"/>
        <LaunchingApplication PathPlusParams="/usr/X11R6/bin/xterm -T 'Lazarus Run Output' -e $(LazarusDir)/tools/runwait.sh $(TargetCmdLine)"/>
        <Display Use="True"/>
      </local>
    </RunParams>
    <RequiredPackages Count="4">
      <Item1>
        <PackageName Value="HybridComponentPack"/>
        <MinVersion Minor="1" Valid="True"/>
      </Item1>
      <Item2>
        <PackageName Value="LCLBase"/>
        <MinVersion Major="1" Release="1" Valid="True"/>
      </Item2>
      <Item3>
        <PackageName Value="LCL"/>
      </Item3>
      <Item4>
        <PackageName Value="FCL"/>
        <MinVersion Major="1" Valid="True"/>
      </Item4>
    </RequiredPackages>
    <Units Count="119">
      <Unit0>
        <Filename Value="HybridSequencer.lpr"/>
        <IsPartOfProject Value="True"/>
        <TopLine Value="19"/>
        <CursorPos Y="43"/>
        <UsageCount Value="218"/>
        <Loaded Value="True"/>
      </Unit0>
      <Unit1>
        <Filename Value="simplejack.pas"/>
        <IsPartOfProject Value="True"/>
        <ComponentName Value="MainApp"/>
        <HasResources Value="True"/>
        <ResourceBaseClass Value="Form"/>
        <UnitName Value="simplejack"/>
        <EditorIndex Value="16"/>
        <TopLine Value="82"/>
        <CursorPos X="29" Y="95"/>
        <UsageCount Value="218"/>
        <Bookmarks Count="2">
          <Item0 X="29" Y="95" ID="3"/>
          <Item1 X="37" Y="718" ID="4"/>
        </Bookmarks>
        <Loaded Value="True"/>
        <LoadedDesigner Value="True"/>
      </Unit1>
      <Unit2>
        <Filename Value="mapmonitor.pas"/>
        <IsPartOfProject Value="True"/>
        <ComponentName Value="fmMappingMonitor"/>
        <HasResources Value="True"/>
        <ResourceBaseClass Value="Form"/>
        <UnitName Value="mapmonitor"/>
        <EditorIndex Value="17"/>
        <TopLine Value="36"/>
        <CursorPos X="3" Y="56"/>
        <ComponentState Value="1"/>
        <UsageCount Value="201"/>
        <Loaded Value="True"/>
      </Unit2>
      <Unit3>
        <Filename Value="common/appcolors.pas"/>
        <IsPartOfProject Value="True"/>
        <TopLine Value="11"/>
        <CursorPos X="10" Y="37"/>
        <UsageCount Value="212"/>
      </Unit3>
      <Unit4>
        <Filename Value="common/flqueue.pas"/>
        <IsPartOfProject Value="True"/>
        <TopLine Value="111"/>
        <CursorPos X="11" Y="114"/>
        <UsageCount Value="212"/>
      </Unit4>
      <Unit5>
        <Filename Value="common/urbjeqfilters.pas"/>
        <IsPartOfProject Value="True"/>
        <TopLine Value="103"/>
        <UsageCount Value="212"/>
      </Unit5>
      <Unit6>
        <Filename Value="common/utils.pas"/>
        <IsPartOfProject Value="True"/>
        <UnitName Value="utils"/>
        <EditorIndex Value="18"/>
        <TopLine Value="79"/>
        <CursorPos X="3" Y="95"/>
        <UsageCount Value="212"/>
        <Loaded Value="True"/>
      </Unit6>
      <Unit7>
        <Filename Value="core/audiostructure.pas"/>
        <IsPartOfProject Value="True"/>
        <TopLine Value="461"/>
        <CursorPos X="33" Y="461"/>
        <UsageCount Value="212"/>
      </Unit7>
      <Unit8>
        <Filename Value="core/beattrigger.pas"/>
        <IsPartOfProject Value="True"/>
        <TopLine Value="122"/>
        <CursorPos X="3" Y="158"/>
        <UsageCount Value="212"/>
      </Unit8>
      <Unit9>
        <Filename Value="core/bpm.pas"/>
        <IsPartOfProject Value="True"/>
        <TopLine Value="822"/>
        <CursorPos X="8" Y="833"/>
        <UsageCount Value="212"/>
      </Unit9>
      <Unit10>
        <Filename Value="core/global.pas"/>
        <IsPartOfProject Value="True"/>
        <UnitName Value="global"/>
        <IsVisibleTab Value="True"/>
        <EditorIndex Value="11"/>
        <TopLine Value="645"/>
        <CursorPos Y="657"/>
        <UsageCount Value="212"/>
        <Bookmarks Count="2">
          <Item0 Y="748" ID="1"/>
          <Item1 Y="657" ID="2"/>
        </Bookmarks>
        <Loaded Value="True"/>
      </Unit10>
      <Unit11>
        <Filename Value="core/global_command.pas"/>
        <IsPartOfProject Value="True"/>
        <UnitName Value="global_command"/>
        <EditorIndex Value="21"/>
        <TopLine Value="387"/>
        <CursorPos Y="395"/>
        <UsageCount Value="212"/>
        <Loaded Value="True"/>
      </Unit11>
      <Unit12>
        <Filename Value="core/globalconst.pas"/>
        <IsPartOfProject Value="True"/>
        <UnitName Value="globalconst"/>
        <EditorIndex Value="3"/>
        <UsageCount Value="212"/>
        <Loaded Value="True"/>
      </Unit12>
      <Unit13>
        <Filename Value="core/global_scriptactions.pas"/>
        <IsPartOfProject Value="True"/>
        <TopLine Value="14"/>
        <CursorPos X="33" Y="42"/>
        <UsageCount Value="212"/>
      </Unit13>
      <Unit14>
        <Filename Value="core/ladspa.pas"/>
        <IsPartOfProject Value="True"/>
        <TopLine Value="374"/>
        <CursorPos Y="389"/>
        <UsageCount Value="212"/>
      </Unit14>
      <Unit15>
        <Filename Value="core/midi.pas"/>
        <IsPartOfProject Value="True"/>
        <UnitName Value="midi"/>
        <EditorIndex Value="8"/>
        <CursorPos Y="20"/>
        <UsageCount Value="212"/>
        <Bookmarks Count="1">
          <Item0 Y="150" ID="7"/>
        </Bookmarks>
        <Loaded Value="True"/>
      </Unit15>
      <Unit16>
        <Filename Value="core/pattern.pas"/>
        <IsPartOfProject Value="True"/>
        <UnitName Value="pattern"/>
        <EditorIndex Value="13"/>
        <TopLine Value="33"/>
        <CursorPos X="3" Y="48"/>
        <UsageCount Value="212"/>
        <Loaded Value="True"/>
      </Unit16>
      <Unit17>
        <Filename Value="core/plugin.pas"/>
        <IsPartOfProject Value="True"/>
        <TopLine Value="260"/>
        <CursorPos X="15" Y="265"/>
        <UsageCount Value="212"/>
      </Unit17>
      <Unit18>
        <Filename Value="core/pluginhost.pas"/>
        <IsPartOfProject Value="True"/>
        <TopLine Value="559"/>
        <CursorPos X="15" Y="565"/>
        <UsageCount Value="212"/>
      </Unit18>
      <Unit19>
        <Filename Value="core/sampler.pas"/>
        <IsPartOfProject Value="True"/>
        <TopLine Value="389"/>
        <CursorPos X="53" Y="395"/>
        <UsageCount Value="212"/>
      </Unit19>
      <Unit20>
        <Filename Value="core/samplestreamprovider.pas"/>
        <IsPartOfProject Value="True"/>
        <TopLine Value="60"/>
        <CursorPos Y="68"/>
        <UsageCount Value="212"/>
      </Unit20>
      <Unit21>
        <Filename Value="core/track.pas"/>
        <IsPartOfProject Value="True"/>
        <UnitName Value="track"/>
        <EditorIndex Value="12"/>
        <TopLine Value="497"/>
        <CursorPos Y="514"/>
        <UsageCount Value="212"/>
        <Loaded Value="True"/>
      </Unit21>
      <Unit22>
        <Filename Value="gui/aboutgui.pas"/>
        <IsPartOfProject Value="True"/>
        <ComponentName Value="fmAbout"/>
        <HasResources Value="True"/>
        <ResourceBaseClass Value="Form"/>
        <UnitName Value="aboutgui"/>
        <EditorIndex Value="22"/>
        <TopLine Value="32"/>
        <CursorPos X="3" Y="35"/>
        <UsageCount Value="212"/>
        <Loaded Value="True"/>
        <LoadedDesigner Value="True"/>
      </Unit22>
      <Unit23>
        <Filename Value="gui/bankgui.pas"/>
        <IsPartOfProject Value="True"/>
        <ComponentName Value="BankView"/>
        <HasResources Value="True"/>
        <ResourceBaseClass Value="Frame"/>
        <CursorPos X="27" Y="21"/>
        <UsageCount Value="212"/>
      </Unit23>
      <Unit24>
        <Filename Value="gui/midigui.pas"/>
        <IsPartOfProject Value="True"/>
        <ComponentName Value="MidiPatternGUI"/>
        <HasResources Value="True"/>
        <ResourceBaseClass Value="Frame"/>
        <UnitName Value="midigui"/>
        <EditorIndex Value="19"/>
        <TopLine Value="227"/>
        <CursorPos X="51" Y="234"/>
        <UsageCount Value="212"/>
        <Loaded Value="True"/>
      </Unit24>
      <Unit25>
        <Filename Value="gui/plugingui.pas"/>
        <IsPartOfProject Value="True"/>
        <TopLine Value="182"/>
        <CursorPos X="29" Y="194"/>
        <UsageCount Value="212"/>
      </Unit25>
      <Unit26>
        <Filename Value="gui/pluginhostgui.pas"/>
        <IsPartOfProject Value="True"/>
        <ComponentName Value="PluginProcessorGUI"/>
        <HasResources Value="True"/>
        <ResourceBaseClass Value="Frame"/>
        <TopLine Value="264"/>
        <CursorPos Y="268"/>
        <UsageCount Value="212"/>
      </Unit26>
      <Unit27>
        <Filename Value="gui/samplegui.pas"/>
        <IsPartOfProject Value="True"/>
        <ComponentName Value="SampleView"/>
        <HasResources Value="True"/>
        <ResourceBaseClass Value="Frame"/>
        <TopLine Value="125"/>
        <CursorPos X="34" Y="135"/>
        <UsageCount Value="212"/>
      </Unit27>
      <Unit28>
        <Filename Value="common/fx.pas"/>
        <IsPartOfProject Value="True"/>
        <UnitName Value="fx"/>
        <EditorIndex Value="27"/>
        <TopLine Value="260"/>
        <CursorPos X="5" Y="276"/>
        <UsageCount Value="211"/>
        <Loaded Value="True"/>
      </Unit28>
      <Unit29>
        <Filename Value="gui/optionsgui.pas"/>
        <IsPartOfProject Value="True"/>
        <ComponentName Value="fmOptions"/>
        <HasResources Value="True"/>
        <ResourceBaseClass Value="Form"/>
        <CursorPos X="13" Y="15"/>
        <UsageCount Value="204"/>
      </Unit29>
      <Unit30>
        <Filename Value="bindings/libjack/jack.pp"/>
        <IsPartOfProject Value="True"/>
        <TopLine Value="194"/>
        <CursorPos X="120" Y="208"/>
        <UsageCount Value="205"/>
      </Unit30>
      <Unit31>
        <Filename Value="bindings/libjack/jacktypes.pp"/>
        <IsPartOfProject Value="True"/>
        <UsageCount Value="205"/>
      </Unit31>
      <Unit32>
        <Filename Value="bindings/libjack/midiport.pp"/>
        <IsPartOfProject Value="True"/>
        <CursorPos X="14" Y="2"/>
        <UsageCount Value="205"/>
      </Unit32>
      <Unit33>
        <Filename Value="bindings/libjack/ringbuffer.pp"/>
        <IsPartOfProject Value="True"/>
        <TopLine Value="156"/>
        <CursorPos X="12" Y="156"/>
        <UsageCount Value="205"/>
      </Unit33>
      <Unit34>
        <Filename Value="bindings/libsndfile/sndfile.pas"/>
        <IsPartOfProject Value="True"/>
        <EditorIndex Value="-1"/>
        <TopLine Value="272"/>
        <CursorPos Y="288"/>
        <UsageCount Value="205"/>
      </Unit34>
      <Unit35>
        <Filename Value="common/palfo.pas"/>
        <IsPartOfProject Value="True"/>
        <TopLine Value="44"/>
        <CursorPos X="18" Y="52"/>
        <UsageCount Value="200"/>
      </Unit35>
      <Unit36>
        <Filename Value="core/filters.pas"/>
        <IsPartOfProject Value="True"/>
        <TopLine Value="69"/>
        <CursorPos X="84" Y="79"/>
        <UsageCount Value="202"/>
      </Unit36>
      <Unit37>
        <Filename Value="core/baseengine.pas"/>
        <IsPartOfProject Value="True"/>
        <TopLine Value="26"/>
        <CursorPos X="3" Y="41"/>
        <UsageCount Value="201"/>
      </Unit37>
      <Unit38>
        <Filename Value="components/dialcontrol.pas"/>
        <UnitName Value="dialcontrol"/>
        <EditorIndex Value="20"/>
        <TopLine Value="596"/>
        <CursorPos Y="606"/>
        <UsageCount Value="238"/>
        <Loaded Value="True"/>
      </Unit38>
      <Unit39>
        <Filename Value="common/audioutils.pas"/>
        <IsPartOfProject Value="True"/>
        <CursorPos X="3" Y="198"/>
        <UsageCount Value="211"/>
        <Bookmarks Count="1">
          <Item0 X="3" Y="198" ID="4"/>
        </Bookmarks>
      </Unit39>
      <Unit40>
        <Filename Value="engine/waveformengine.pas"/>
        <IsPartOfProject Value="True"/>
        <CursorPos Y="13"/>
        <UsageCount Value="207"/>
      </Unit40>
      <Unit41>
        <Filename Value="engine/trackengine.pas"/>
        <IsPartOfProject Value="True"/>
        <CursorPos X="67" Y="2"/>
        <UsageCount Value="207"/>
      </Unit41>
      <Unit42>
        <Filename Value="core/ladspaloader.pas"/>
        <IsPartOfProject Value="True"/>
        <TopLine Value="123"/>
        <CursorPos Y="138"/>
        <UsageCount Value="214"/>
      </Unit42>
      <Unit43>
        <Filename Value="gui/midipatterncontrolgui.pas"/>
        <IsPartOfProject Value="True"/>
        <ComponentName Value="MidiPatternControlGUI"/>
        <HasResources Value="True"/>
        <ResourceBaseClass Value="Frame"/>
        <UnitName Value="midipatterncontrolgui"/>
        <EditorIndex Value="9"/>
        <UsageCount Value="207"/>
        <Loaded Value="True"/>
      </Unit43>
      <Unit44>
        <Filename Value="gui/wavepatterncontrolgui.pas"/>
        <IsPartOfProject Value="True"/>
        <ComponentName Value="WavePatternControlGUI"/>
        <HasResources Value="True"/>
        <ResourceBaseClass Value="Frame"/>
        <UnitName Value="wavepatterncontrolgui"/>
        <EditorIndex Value="6"/>
        <CursorPos Y="18"/>
        <UsageCount Value="207"/>
        <Loaded Value="True"/>
      </Unit44>
      <Unit45>
        <Filename Value="gui/midipatterngui.pas"/>
        <IsPartOfProject Value="True"/>
        <UnitName Value="midipatterngui"/>
        <EditorIndex Value="15"/>
        <TopLine Value="66"/>
        <CursorPos X="22" Y="78"/>
        <UsageCount Value="200"/>
        <Loaded Value="True"/>
      </Unit45>
      <Unit46>
        <Filename Value="gui/wavegui.pas"/>
        <IsPartOfProject Value="True"/>
        <UnitName Value="wavegui"/>
        <EditorIndex Value="7"/>
        <CursorPos X="7" Y="18"/>
        <UsageCount Value="204"/>
        <Loaded Value="True"/>
      </Unit46>
      <Unit47>
        <Filename Value="gui/wavepatterngui.pas"/>
        <IsPartOfProject Value="True"/>
        <UnitName Value="wavepatterngui"/>
        <EditorIndex Value="5"/>
        <TopLine Value="64"/>
        <CursorPos X="22" Y="78"/>
        <UsageCount Value="202"/>
        <Loaded Value="True"/>
      </Unit47>
      <Unit48>
        <Filename Value="core/wave.pas"/>
        <IsPartOfProject Value="True"/>
        <UnitName Value="wave"/>
        <EditorIndex Value="1"/>
        <TopLine Value="1097"/>
        <CursorPos Y="1122"/>
        <UsageCount Value="204"/>
        <Loaded Value="True"/>
      </Unit48>
      <Unit49>
        <Filename Value="core/pluginportmapper.pas"/>
        <IsPartOfProject Value="True"/>
        <UsageCount Value="208"/>
      </Unit49>
      <Unit50>
        <Filename Value="core/midicontrolmap.pas"/>
        <IsPartOfProject Value="True"/>
        <CursorPos X="25" Y="13"/>
        <UsageCount Value="200"/>
      </Unit50>
      <Unit51>
        <Filename Value="core/wsola.pas"/>
        <IsPartOfProject Value="True"/>
        <TopLine Value="94"/>
        <CursorPos X="6" Y="119"/>
        <UsageCount Value="208"/>
      </Unit51>
      <Unit52>
        <Filename Value="externals/soundtouch/soundtouch.pas"/>
        <IsPartOfProject Value="True"/>
        <TopLine Value="282"/>
        <CursorPos Y="297"/>
        <UsageCount Value="200"/>
      </Unit52>
      <Unit53>
        <Filename Value="externals/soundtouch/tdstretch.pas"/>
        <TopLine Value="744"/>
        <CursorPos X="30" Y="765"/>
        <UsageCount Value="90"/>
      </Unit53>
      <Unit54>
        <Filename Value="externals/soundtouch/ratetransposer.pas"/>
        <TopLine Value="195"/>
        <CursorPos X="3" Y="200"/>
        <UsageCount Value="85"/>
      </Unit54>
      <Unit55>
        <Filename Value="bindings/librubberband/librubberband.pp"/>
        <IsPartOfProject Value="True"/>
        <TopLine Value="67"/>
        <CursorPos X="29" Y="102"/>
        <UsageCount Value="201"/>
      </Unit55>
      <Unit56>
        <Filename Value="core/smbpitchshift.pas"/>
        <IsPartOfProject Value="True"/>
        <TopLine Value="249"/>
        <CursorPos X="30" Y="254"/>
        <UsageCount Value="257"/>
        <Bookmarks Count="2">
          <Item0 X="28" Y="366" ID="3"/>
          <Item1 Y="149" ID="2"/>
        </Bookmarks>
      </Unit56>
      <Unit57>
        <Filename Value="gui/patternlistgui.pas"/>
        <IsPartOfProject Value="True"/>
        <TopLine Value="45"/>
        <CursorPos Y="46"/>
        <UsageCount Value="210"/>
      </Unit57>
      <Unit58>
        <Filename Value="core/transistor_ladder.pas"/>
        <IsPartOfProject Value="True"/>
        <CursorPos X="3" Y="27"/>
        <UsageCount Value="204"/>
      </Unit58>
      <Unit59>
        <Filename Value="gui/sessiongrid.pas"/>
        <IsPartOfProject Value="True"/>
        <UnitName Value="sessiongrid"/>
        <EditorIndex Value="23"/>
        <TopLine Value="301"/>
        <CursorPos X="51" Y="318"/>
        <UsageCount Value="207"/>
        <Bookmarks Count="2">
          <Item0 X="3" Y="1405" ID="6"/>
          <Item1 X="3" Y="723" ID="8"/>
        </Bookmarks>
        <Loaded Value="True"/>
      </Unit59>
      <Unit60>
        <Filename Value="gui/patternview.pas"/>
        <IsPartOfProject Value="True"/>
        <ComponentName Value="PatternView"/>
        <HasResources Value="True"/>
        <ResourceBaseClass Value="Frame"/>
        <TopLine Value="573"/>
        <CursorPos X="54" Y="578"/>
        <UsageCount Value="242"/>
      </Unit60>
      <Unit61>
        <Filename Value="core/basetimestretch.pas"/>
        <IsPartOfProject Value="True"/>
        <CursorPos X="10" Y="12"/>
        <UsageCount Value="210"/>
        <Bookmarks Count="1">
          <Item0 Y="17" ID="9"/>
        </Bookmarks>
      </Unit61>
      <Unit62>
        <Filename Value="gui/pluginnodegui.pas"/>
        <IsPartOfProject Value="True"/>
        <ComponentName Value="GenericPluginGUI"/>
        <HasResources Value="True"/>
        <ResourceBaseClass Value="Frame"/>
        <TopLine Value="189"/>
        <CursorPos X="25" Y="218"/>
        <UsageCount Value="200"/>
      </Unit62>
      <Unit63>
        <Filename Value="gui/plugindistortion.pas"/>
        <IsPartOfProject Value="True"/>
        <ComponentName Value="PluginDistortionGUI"/>
        <ResourceBaseClass Value="Frame"/>
        <CursorPos X="22"/>
        <UsageCount Value="201"/>
      </Unit63>
      <Unit64>
        <Filename Value="plugins/plugin_moog.pas"/>
        <IsPartOfProject Value="True"/>
        <TopLine Value="128"/>
        <CursorPos X="17" Y="137"/>
        <UsageCount Value="200"/>
      </Unit64>
      <Unit65>
        <Filename Value="plugins/plugin_decimate.pas"/>
        <IsPartOfProject Value="True"/>
        <TopLine Value="153"/>
        <CursorPos X="25" Y="154"/>
        <UsageCount Value="200"/>
      </Unit65>
      <Unit66>
        <Filename Value="plugins/plugin_distortion.pas"/>
        <IsPartOfProject Value="True"/>
        <TopLine Value="94"/>
        <CursorPos X="17" Y="114"/>
        <UsageCount Value="201"/>
      </Unit66>
      <Unit67>
        <Filename Value="plugins/plugin_distortion_gui.pas"/>
        <IsPartOfProject Value="True"/>
        <CursorPos X="27"/>
        <UsageCount Value="201"/>
      </Unit67>
      <Unit68>
        <Filename Value="core/freereverb.pas"/>
        <IsPartOfProject Value="True"/>
        <TopLine Value="361"/>
        <CursorPos Y="377"/>
        <UsageCount Value="200"/>
      </Unit68>
      <Unit69>
        <Filename Value="plugins/plugin_freeverb.pas"/>
        <IsPartOfProject Value="True"/>
        <TopLine Value="15"/>
        <CursorPos Y="18"/>
        <UsageCount Value="201"/>
      </Unit69>
      <Unit70>
        <Filename Value="plugins/plugin_freeverb_gui.pas"/>
        <IsPartOfProject Value="True"/>
        <TopLine Value="45"/>
        <CursorPos X="19" Y="75"/>
        <UsageCount Value="201"/>
      </Unit70>
      <Unit71>
        <Filename Value="plugins/plugin_decimate_gui.pas"/>
        <IsPartOfProject Value="True"/>
        <CursorPos X="26"/>
        <UsageCount Value="201"/>
      </Unit71>
      <Unit72>
        <Filename Value="plugins/plugin_bassline_gui.pas"/>
        <IsPartOfProject Value="True"/>
        <UnitName Value="plugin_bassline_gui"/>
        <EditorIndex Value="25"/>
        <TopLine Value="4"/>
        <CursorPos Y="22"/>
        <UsageCount Value="214"/>
        <Loaded Value="True"/>
      </Unit72>
      <Unit73>
        <Filename Value="plugins/plugin_bassline.pas"/>
        <IsPartOfProject Value="True"/>
        <TopLine Value="11"/>
        <CursorPos Y="263"/>
        <UsageCount Value="214"/>
      </Unit73>
      <Unit74>
        <Filename Value="plugins/tb303.pas"/>
        <TopLine Value="72"/>
        <CursorPos Y="75"/>
        <UsageCount Value="90"/>
      </Unit74>
      <Unit75>
        <Filename Value="gui/patternoverview.pas"/>
        <IsPartOfProject Value="True"/>
        <TopLine Value="90"/>
        <CursorPos X="27" Y="63"/>
        <UsageCount Value="203"/>
      </Unit75>
      <Unit76>
        <Filename Value="/usr/share/fpcsrc/2.6.2/rtl/inc/heaptrc.pp"/>
        <CursorPos X="54"/>
        <UsageCount Value="150"/>
      </Unit76>
      <Unit77>
        <Filename Value="gui/renamepatterngui.pas"/>
        <IsPartOfProject Value="True"/>
        <ComponentName Value="FmRenamePattern"/>
        <HasResources Value="True"/>
        <ResourceBaseClass Value="Form"/>
        <CursorPos X="13" Y="16"/>
        <UsageCount Value="318"/>
      </Unit77>
      <Unit78>
        <Filename Value="externals/soundtouch/peakfinder.pas"/>
        <TopLine Value="300"/>
        <CursorPos Y="321"/>
        <UsageCount Value="275"/>
      </Unit78>
      <Unit79>
        <Filename Value="core/stretcher.pas"/>
        <IsPartOfProject Value="True"/>
        <UnitName Value="stretcher"/>
        <EditorIndex Value="2"/>
        <TopLine Value="178"/>
        <CursorPos X="68" Y="202"/>
        <UsageCount Value="709"/>
        <Loaded Value="True"/>
      </Unit79>
      <Unit80>
        <Filename Value="core/ucrosscorrelatefft.pas"/>
        <TopLine Value="143"/>
        <CursorPos X="18" Y="167"/>
        <UsageCount Value="344"/>
      </Unit80>
      <Unit81>
        <Filename Value="core/fftreal.pas"/>
        <TopLine Value="35"/>
        <CursorPos X="5" Y="50"/>
        <UsageCount Value="101"/>
      </Unit81>
      <Unit82>
        <Filename Value="/usr/share/fpcsrc/2.6.2/packages/fcl-json/src/fpjsonrtti.pp"/>
        <TopLine Value="54"/>
        <CursorPos Y="98"/>
        <UsageCount Value="222"/>
      </Unit82>
      <Unit83>
        <Filename Value="/usr/share/fpcsrc/2.6.2/packages/fcl-json/src/fpjson.pp"/>
        <TopLine Value="10"/>
        <CursorPos X="3" Y="31"/>
        <UsageCount Value="222"/>
      </Unit83>
      <Unit84>
        <Filename Value="/usr/share/fpcsrc/2.6.2/rtl/objpas/math.pp"/>
        <TopLine Value="652"/>
        <CursorPos X="6" Y="655"/>
        <UsageCount Value="166"/>
      </Unit84>
      <Unit85>
        <Filename Value="bindings/librubberband/urubberbandtest.pas"/>
        <CursorPos Y="3"/>
        <UsageCount Value="36"/>
      </Unit85>
      <Unit86>
        <Filename Value="core/sincfir.pas"/>
        <IsPartOfProject Value="True"/>
        <CursorPos X="31" Y="5"/>
        <UsageCount Value="349"/>
      </Unit86>
      <Unit87>
        <Filename Value="plugins/plugin_external.pas"/>
        <IsPartOfProject Value="True"/>
        <TopLine Value="33"/>
        <CursorPos Y="45"/>
        <UsageCount Value="217"/>
        <Bookmarks Count="1">
          <Item0 Y="45" ID="5"/>
        </Bookmarks>
      </Unit87>
      <Unit88>
        <Filename Value="library/bgrabitmaptypes.pas"/>
        <TopLine Value="1161"/>
        <CursorPos X="39" Y="1180"/>
        <UsageCount Value="178"/>
      </Unit88>
      <Unit89>
        <Filename Value="../lazarus/lcl/menus.pp"/>
        <TopLine Value="395"/>
        <CursorPos X="15" Y="406"/>
        <UsageCount Value="87"/>
      </Unit89>
      <Unit90>
        <Filename Value="plugins/plugin_delay.pas"/>
        <UnitName Value="plugin_delay"/>
        <EditorIndex Value="26"/>
        <TopLine Value="37"/>
        <CursorPos Y="44"/>
        <UsageCount Value="174"/>
        <Loaded Value="True"/>
      </Unit90>
      <Unit91>
        <Filename Value="bindings/libjack/transport.pp"/>
        <CursorPos X="15"/>
        <UsageCount Value="137"/>
      </Unit91>
      <Unit92>
        <Filename Value="/usr/share/fpcsrc/2.6.2/rtl/objpas/classes/classesh.inc"/>
        <TopLine Value="252"/>
        <CursorPos X="15" Y="263"/>
        <UsageCount Value="133"/>
      </Unit92>
      <Unit93>
        <Filename Value="/usr/share/fpcsrc/2.6.2/packages/fcl-base/src/contnrs.pp"/>
        <TopLine Value="830"/>
        <CursorPos X="3" Y="833"/>
        <UsageCount Value="143"/>
      </Unit93>
      <Unit94>
        <Filename Value="../lazarus/lcl/controls.pp"/>
        <TopLine Value="2154"/>
        <CursorPos X="15" Y="2161"/>
        <UsageCount Value="29"/>
        <Bookmarks Count="1">
          <Item0 X="25" Y="1328" ID="3"/>
        </Bookmarks>
      </Unit94>
      <Unit95>
        <Filename Value="../lazarus/lcl/include/wincontrol.inc"/>
        <TopLine Value="4940"/>
        <CursorPos X="3" Y="4947"/>
        <UsageCount Value="15"/>
      </Unit95>
      <Unit96>
        <Filename Value="../lazarus/lcl/include/customcontrol.inc"/>
        <TopLine Value="115"/>
        <CursorPos X="3" Y="128"/>
        <UsageCount Value="15"/>
      </Unit96>
      <Unit97>
        <Filename Value="../lazarus/lcl/include/control.inc"/>
        <TopLine Value="3451"/>
        <CursorPos X="3" Y="3459"/>
        <UsageCount Value="28"/>
      </Unit97>
      <Unit98>
        <Filename Value="../lazarus/lcl/widgetset/wscontrols.pp"/>
        <TopLine Value="326"/>
        <CursorPos Y="330"/>
        <UsageCount Value="10"/>
      </Unit98>
      <Unit99>
        <Filename Value="../../Desktop/sessiongridcontrols.pas"/>
        <TopLine Value="1007"/>
        <CursorPos Y="1029"/>
        <UsageCount Value="199"/>
      </Unit99>
      <Unit100>
        <Filename Value="library/bgragtkbitmap.pas"/>
        <CursorPos X="31" Y="14"/>
        <UsageCount Value="52"/>
      </Unit100>
      <Unit101>
        <Filename Value="library/bgradefaultbitmap.pas"/>
        <TopLine Value="385"/>
        <CursorPos Y="385"/>
        <UsageCount Value="66"/>
      </Unit101>
      <Unit102>
        <Filename Value="../lazarus/lcl/graphics.pp"/>
        <TopLine Value="2640"/>
        <CursorPos X="3" Y="2642"/>
        <UsageCount Value="65"/>
      </Unit102>
      <Unit103>
        <Filename Value="../lazarus/lcl/include/canvas.inc"/>
        <TopLine Value="1009"/>
        <CursorPos X="3" Y="1018"/>
        <UsageCount Value="48"/>
      </Unit103>
      <Unit104>
        <Filename Value="gui/sessiongridcontrols.pas"/>
        <UnitName Value="sessiongridcontrols"/>
        <EditorIndex Value="24"/>
        <TopLine Value="388"/>
        <CursorPos Y="397"/>
        <UsageCount Value="78"/>
        <Loaded Value="True"/>
      </Unit104>
      <Unit105>
        <Filename Value="../lazarus/lcl/comctrls.pp"/>
        <TopLine Value="1947"/>
        <CursorPos X="14" Y="1957"/>
        <UsageCount Value="11"/>
      </Unit105>
      <Unit106>
        <Filename Value="../lazarus/lcl/include/popupmenu.inc"/>
        <TopLine Value="75"/>
        <CursorPos X="3" Y="77"/>
        <UsageCount Value="11"/>
      </Unit106>
      <Unit107>
        <Filename Value="../lazarus/lcl/lclclasses.pp"/>
        <TopLine Value="37"/>
        <CursorPos X="3" Y="48"/>
        <UsageCount Value="11"/>
      </Unit107>
      <Unit108>
        <Filename Value="../lazarus/lcl/extctrls.pp"/>
        <TopLine Value="940"/>
        <CursorPos X="3" Y="948"/>
        <UsageCount Value="4"/>
        <Bookmarks Count="1">
          <Item0 Y="947" ID="1"/>
        </Bookmarks>
      </Unit108>
      <Unit109>
        <Filename Value="../lazarus/lcl/include/winapih.inc"/>
        <TopLine Value="169"/>
        <CursorPos X="10" Y="176"/>
        <UsageCount Value="4"/>
      </Unit109>
      <Unit110>
        <Filename Value="../lazarus/lcl/include/intfbasewinapi.inc"/>
        <TopLine Value="1564"/>
        <CursorPos X="3" Y="1567"/>
        <UsageCount Value="4"/>
      </Unit110>
      <Unit111>
        <Filename Value="library/bgrabitmap.pas"/>
        <TopLine Value="9"/>
        <CursorPos X="31" Y="28"/>
        <UsageCount Value="6"/>
      </Unit111>
      <Unit112>
        <Filename Value="/usr/share/fpcsrc/2.6.2/rtl/objpas/classes/lists.inc"/>
        <TopLine Value="734"/>
        <CursorPos X="3" Y="739"/>
        <UsageCount Value="6"/>
      </Unit112>
      <Unit113>
        <Filename Value="core/wavecommand.pas"/>
        <IsPartOfProject Value="True"/>
        <UnitName Value="wavecommand"/>
        <EditorIndex Value="4"/>
        <CursorPos X="8" Y="10"/>
        <UsageCount Value="53"/>
        <Loaded Value="True"/>
      </Unit113>
      <Unit114>
        <Filename Value="core/midicommand.pas"/>
        <IsPartOfProject Value="True"/>
        <UnitName Value="midicommand"/>
        <EditorIndex Value="10"/>
        <CursorPos Y="18"/>
        <UsageCount Value="49"/>
        <Loaded Value="True"/>
      </Unit114>
      <Unit115>
        <Filename Value="/usr/share/fpcsrc/2.6.4/rtl/objpas/classes/classesh.inc"/>
        <EditorIndex Value="-1"/>
        <TopLine Value="1974"/>
        <CursorPos X="11" Y="1987"/>
        <UsageCount Value="22"/>
      </Unit115>
      <Unit116>
        <Filename Value="core/trackcommand.pas"/>
        <IsPartOfProject Value="True"/>
        <UnitName Value="trackcommand"/>
        <EditorIndex Value="14"/>
        <TopLine Value="149"/>
        <CursorPos X="45" Y="166"/>
        <UsageCount Value="46"/>
        <Loaded Value="True"/>
      </Unit116>
      <Unit117>
        <Filename Value="/usr/share/fpcsrc/2.6.4/rtl/objpas/classes/cregist.inc"/>
        <EditorIndex Value="-1"/>
        <TopLine Value="18"/>
        <CursorPos X="3" Y="22"/>
        <UsageCount Value="10"/>
      </Unit117>
      <Unit118>
        <Filename Value="/usr/share/fpcsrc/2.6.4/rtl/objpas/classes/stringl.inc"/>
        <EditorIndex Value="-1"/>
        <TopLine Value="1325"/>
        <CursorPos X="3" Y="1328"/>
        <UsageCount Value="10"/>
      </Unit118>
    </Units>
    <JumpHistory Count="30" HistoryIndex="29">
      <Position1>
        <Filename Value="core/global.pas"/>
        <Caret Line="435" Column="54" TopLine="414"/>
      </Position1>
      <Position2>
        <Filename Value="core/global.pas"/>
        <Caret Line="522" Column="40" TopLine="501"/>
      </Position2>
      <Position3>
        <Filename Value="core/global.pas"/>
        <Caret Line="524" Column="55" TopLine="503"/>
      </Position3>
      <Position4>
        <Filename Value="core/global.pas"/>
        <Caret Line="525" Column="72" TopLine="504"/>
      </Position4>
      <Position5>
        <Filename Value="core/global.pas"/>
        <Caret Line="526" Column="57" TopLine="505"/>
      </Position5>
      <Position6>
        <Filename Value="core/global.pas"/>
        <Caret Line="527" Column="77" TopLine="506"/>
      </Position6>
      <Position7>
        <Filename Value="core/global.pas"/>
        <Caret Line="557" Column="43" TopLine="536"/>
      </Position7>
      <Position8>
        <Filename Value="core/global.pas"/>
        <Caret Line="561" Column="58" TopLine="541"/>
      </Position8>
      <Position9>
        <Filename Value="core/global.pas"/>
        <Caret Line="563" Column="78" TopLine="543"/>
      </Position9>
      <Position10>
        <Filename Value="core/global.pas"/>
        <Caret Line="565" Column="60" TopLine="545"/>
      </Position10>
      <Position11>
        <Filename Value="core/global.pas"/>
        <Caret Line="567" Column="83" TopLine="547"/>
      </Position11>
      <Position12>
        <Filename Value="core/global.pas"/>
        <Caret Line="585" Column="36" TopLine="564"/>
      </Position12>
      <Position13>
        <Filename Value="core/global.pas"/>
        <Caret Line="587" Column="11" TopLine="566"/>
      </Position13>
      <Position14>
        <Filename Value="core/global.pas"/>
        <Caret Line="588" Column="8" TopLine="567"/>
      </Position14>
      <Position15>
        <Filename Value="core/global.pas"/>
        <Caret Line="594" Column="30" TopLine="573"/>
      </Position15>
      <Position16>
        <Filename Value="core/global.pas"/>
        <Caret Line="606" Column="7" TopLine="585"/>
      </Position16>
      <Position17>
        <Filename Value="core/global.pas"/>
        <Caret Line="673" Column="31" TopLine="652"/>
      </Position17>
      <Position18>
        <Filename Value="core/global.pas"/>
        <Caret Line="677" Column="8" TopLine="656"/>
      </Position18>
      <Position19>
        <Filename Value="core/global.pas"/>
        <Caret Line="681" Column="27" TopLine="660"/>
      </Position19>
      <Position20>
        <Filename Value="core/global.pas"/>
        <Caret Line="737" Column="28" TopLine="727"/>
      </Position20>
      <Position21>
        <Filename Value="core/global.pas"/>
        <Caret Line="764" Column="34" TopLine="744"/>
      </Position21>
      <Position22>
        <Filename Value="core/global.pas"/>
        <Caret Line="275" Column="50" TopLine="263"/>
      </Position22>
      <Position23>
        <Filename Value="core/global.pas"/>
        <Caret Line="663" Column="29" TopLine="647"/>
      </Position23>
      <Position24>
        <Filename Value="core/global.pas"/>
        <Caret Line="657" TopLine="647"/>
      </Position24>
      <Position25>
        <Filename Value="core/global.pas"/>
      </Position25>
      <Position26>
        <Filename Value="core/global.pas"/>
        <Caret Line="863" Column="8" TopLine="843"/>
      </Position26>
      <Position27>
        <Filename Value="core/global.pas"/>
        <Caret Line="866" Column="8" TopLine="846"/>
      </Position27>
      <Position28>
        <Filename Value="core/global.pas"/>
        <Caret Line="869" Column="8" TopLine="849"/>
      </Position28>
      <Position29>
        <Filename Value="core/global.pas"/>
        <Caret Line="872" Column="8" TopLine="852"/>
      </Position29>
      <Position30>
        <Filename Value="core/global.pas"/>
      </Position30>
    </JumpHistory>
    <CustomSessionData Count="2">
      <Item0 Name="SVN active" Value="-1"/>
      <Item1 Name="SVN repository" Value="https://hybrid-sequencer.googlecode.com/svn/trunk/ hybrid-sequencer"/>
    </CustomSessionData>
  </ProjectOptions>
  <CompilerOptions>
    <Version Value="11"/>
    <SearchPaths>
      <OtherUnitFiles Value="$(LazarusDir)/lcl/units/$(TargetCPU)-$(TargetOS);$(LazarusDir)/units/i386-linux;$(LazarusDir)/components/codetools/units/$(TargetCPU)-$(TargetOS);bindings;components;common;core;gui;bindings/libjack;bindings/libsndfile;bindings/slv2;engine;library;externals/soundtouch;bindings/librubberband;plugins"/>
      <UnitOutputDirectory Value="bin"/>
    </SearchPaths>
    <Parsing>
      <Style Value="1"/>
      <SyntaxOptions>
        <IncludeAssertionCode Value="True"/>
      </SyntaxOptions>
    </Parsing>
    <Linking>
      <Debugging>
        <DebugInfoType Value="dsDwarf3"/>
        <GenGProfCode Value="True"/>
        <UseExternalDbgSyms Value="True"/>
      </Debugging>
    </Linking>
    <Other>
      <Verbosity>
        <ShowHints Value="False"/>
      </Verbosity>
      <WriteFPCLogo Value="False"/>
      <CustomOptions Value="-dUseCThreads"/>
    </Other>
  </CompilerOptions>
  <Debugging>
    <BreakPoints Count="3">
      <Item1>
        <Kind Value="bpkSource"/>
        <WatchScope Value="wpsLocal"/>
        <WatchKind Value="wpkWrite"/>
        <Source Value="core/globalconst.pas"/>
        <Line Value="1274"/>
      </Item1>
      <Item2>
        <Kind Value="bpkSource"/>
        <WatchScope Value="wpsLocal"/>
        <WatchKind Value="wpkWrite"/>
        <Source Value="core/audiostructure.pas"/>
        <Line Value="780"/>
      </Item2>
      <Item3>
        <Kind Value="bpkSource"/>
        <WatchScope Value="wpsLocal"/>
        <WatchKind Value="wpkWrite"/>
        <Source Value="core/pattern.pas"/>
        <Line Value="560"/>
      </Item3>
    </BreakPoints>
    <Watches Count="1">
      <Item1>
        <Expression Value="FInputControls[0]"/>
      </Item1>
    </Watches>
    <Exceptions Count="3" IgnoreAll="True">
      <Item1>
        <Name Value="ECodetoolError"/>
      </Item1>
      <Item2>
        <Name Value="EFOpenError"/>
      </Item2>
      <Item3>
        <Name Value="EListError"/>
      </Item3>
    </Exceptions>
  </Debugging>
</CONFIG>
