<?xml version="1.0"?>
<CONFIG>
  <ProjectOptions>
    <Version Value="9"/>
    <General>
      <Flags>
        <MainUnitHasUsesSectionForAllUnits Value="False"/>
        <LRSInOutputDirectory Value="False"/>
      </Flags>
      <MainUnit Value="0"/>
      <AutoCreateForms Value="False"/>
      <Title Value="HybridSequencer.lpi"/>
      <UseAppBundle Value="False"/>
      <ActiveWindowIndexAtStart Value="0"/>
    </General>
    <VersionInfo>
      <UseVersionInfo Value="True"/>
      <MinorVersionNr Value="5"/>
      <StringTable CompanyName="Sensory Overload Records" ProductName="Hybrid Sequencer" ProductVersion="0.0.1.0"/>
    </VersionInfo>
    <CustomData Count="13">
      <Item0 Name="lazpackager/copyright" Value="2012 Jane Doe"/>
      <Item1 Name="lazpackager/deb/ppa" Value="ppa:johndoe/use-your-own"/>
      <Item2 Name="lazpackager/deb/series" Value="precise"/>
      <Item3 Name="lazpackager/deb/tpl_changelog" Value="?PACKAGE_NAME? (?FULLVERSION?) ?SERIES?; urgency=low

  * Original version ?VERSION? packaged with lazdebian

 -- ?MAINTAINER? &lt;?MAINTAINER_EMAIL?>  ?DATER?
"/>
      <Item4 Name="lazpackager/deb/tpl_control" Value="Source: ?PACKAGE_NAME?
Maintainer: ?MAINTAINER? &lt;?MAINTAINER_EMAIL?>
Section: misc
Priority: optional
Standards-Version: 3.9.3
Build-Depends: fpc, lazarus, lcl, lcl-utils, debhelper (>= 8)

Package: ?PACKAGE_NAME?
Architecture: any
Depends: ${shlibs:Depends}, ${misc:Depends},
Description: ?DESCRIPTION?
 ?DESCRIPTION_LONG?
"/>
      <Item5 Name="lazpackager/deb/tpl_copyright" Value="Format: http://www.debian.org/doc/packaging-manuals/copyright-format/1.0/

Files: *
Copyright: ?COPYRIGHT?
License: GPL-2+
 This program is free software; you can redistribute it and/or modify
 it under the terms of the GNU General Public License as published by
 the Free Software Foundation; either version 2 of the License, or
 at your option) any later version.
 .
 This program is distributed in the hope that it will be useful,
 but WITHOUT ANY WARRANTY; without even the implied warranty of
 MERCHANTABILITY or FITNESS FOR A PARTICULAR PURPOSE. See the
 GNU General Public License for more details.
 .
 You should have received a copy of the GNU General Public License along
 with this program; if not, write to the Free Software Foundation, Inc.,
 51 Franklin Street, Fifth Floor, Boston, MA 02110-1301 USA.
 .
 On Debian systems, the full text of the GNU General Public
 License version 2 can be found in the file
 /usr/share/common-licenses/GPL-2
"/>
      <Item6 Name="lazpackager/deb/tpl_rules" Value="#!/usr/bin/make -f

ROOT = $(CURDIR)/debian/?PACKAGE_NAME?

override_dh_auto_clean:
	$(RM) -r lib
	$(RM) lib *.res ?EXECUTABLE?

override_dh_auto_build:
	lazbuild ?PROJECT?

override_dh_auto_install:
	install -d -m 755 $(ROOT)/usr/bin
	install -s -m 755 ?EXECUTABLE? $(ROOT)/usr/bin

%:
	dh $@
"/>
      <Item7 Name="lazpackager/description" Value="this is a program"/>
      <Item8 Name="lazpackager/description_long" Value="long description may not be empty!"/>
      <Item9 Name="lazpackager/export_cmd" Value="?CP? *.lpi ?TEMPFOLDER?/
?CP? *.lpr ?TEMPFOLDER?/
?CP? *.pas ?TEMPFOLDER?/
?CP? *.lfm ?TEMPFOLDER?/
?CP? *.ico ?TEMPFOLDER?/
"/>
      <Item10 Name="lazpackager/maintainer" Value="John Doe"/>
      <Item11 Name="lazpackager/maintainer_email" Value="john_doe@example.invalid"/>
      <Item12 Name="lazpackager/package_name" Value="debian-package-name"/>
    </CustomData>
    <MacroValues Count="1">
      <Macro1 Name="LCLWidgetType" Value="gtk2"/>
    </MacroValues>
    <BuildModes Count="1">
      <Item1 Name="default" Default="True"/>
    </BuildModes>
    <PublishOptions>
      <Version Value="2"/>
      <IgnoreBinaries Value="False"/>
      <IncludeFileFilter Value="*.(pas|pp|inc|lfm|lpr|lrs|lpi|lpk|sh|xml)"/>
      <ExcludeFileFilter Value="*.(bak|ppu|ppw|o|so);*~;backup"/>
    </PublishOptions>
    <RunParams>
      <local>
        <FormatVersion Value="1"/>
        <LaunchingApplication PathPlusParams="/usr/X11R6/bin/xterm -T 'Lazarus Run Output' -e $(LazarusDir)/tools/runwait.sh $(TargetCmdLine)"/>
        <Display Use="True"/>
      </local>
    </RunParams>
    <RequiredPackages Count="4">
      <Item1>
        <PackageName Value="HybridComponentPack"/>
        <MinVersion Minor="1" Valid="True"/>
      </Item1>
      <Item2>
        <PackageName Value="LCLBase"/>
        <MinVersion Major="1" Release="1" Valid="True"/>
      </Item2>
      <Item3>
        <PackageName Value="LCL"/>
      </Item3>
      <Item4>
        <PackageName Value="FCL"/>
        <MinVersion Major="1" Valid="True"/>
      </Item4>
    </RequiredPackages>
    <Units Count="94">
      <Unit0>
        <Filename Value="HybridSequencer.lpr"/>
        <IsPartOfProject Value="True"/>
        <UnitName Value="HybridSequencer"/>
        <EditorIndex Value="1"/>
        <WindowIndex Value="0"/>
        <TopLine Value="5"/>
        <CursorPos X="24" Y="20"/>
        <UsageCount Value="218"/>
        <Loaded Value="True"/>
      </Unit0>
      <Unit1>
        <Filename Value="simplejack.pas"/>
        <IsPartOfProject Value="True"/>
        <ComponentName Value="MainApp"/>
        <HasResources Value="True"/>
        <ResourceBaseClass Value="Form"/>
        <UnitName Value="simplejack"/>
        <EditorIndex Value="2"/>
        <WindowIndex Value="0"/>
        <TopLine Value="324"/>
        <CursorPos X="1" Y="344"/>
        <UsageCount Value="218"/>
        <Loaded Value="True"/>
        <LoadedDesigner Value="True"/>
      </Unit1>
      <Unit2>
        <Filename Value="mapmonitor.pas"/>
        <IsPartOfProject Value="True"/>
        <ComponentName Value="fmMappingMonitor"/>
        <HasResources Value="True"/>
        <ResourceBaseClass Value="Form"/>
        <UnitName Value="mapmonitor"/>
        <WindowIndex Value="0"/>
        <TopLine Value="66"/>
        <CursorPos X="1" Y="74"/>
        <ComponentState Value="1"/>
        <UsageCount Value="201"/>
      </Unit2>
      <Unit3>
        <Filename Value="common/appcolors.pas"/>
        <IsPartOfProject Value="True"/>
        <UnitName Value="appcolors"/>
        <WindowIndex Value="0"/>
        <TopLine Value="11"/>
        <CursorPos X="10" Y="37"/>
        <UsageCount Value="212"/>
      </Unit3>
      <Unit4>
        <Filename Value="common/flqueue.pas"/>
        <IsPartOfProject Value="True"/>
        <UnitName Value="flqueue"/>
        <WindowIndex Value="0"/>
        <TopLine Value="111"/>
        <CursorPos X="11" Y="114"/>
        <UsageCount Value="212"/>
      </Unit4>
      <Unit5>
        <Filename Value="common/urbjeqfilters.pas"/>
        <IsPartOfProject Value="True"/>
        <UnitName Value="uRbjEqFilters"/>
        <WindowIndex Value="0"/>
        <TopLine Value="103"/>
        <CursorPos X="1" Y="1"/>
        <UsageCount Value="212"/>
      </Unit5>
      <Unit6>
        <Filename Value="common/utils.pas"/>
        <IsPartOfProject Value="True"/>
        <UnitName Value="utils"/>
        <EditorIndex Value="7"/>
        <WindowIndex Value="0"/>
        <TopLine Value="110"/>
        <CursorPos X="11" Y="125"/>
        <UsageCount Value="212"/>
        <Loaded Value="True"/>
      </Unit6>
      <Unit7>
        <Filename Value="core/audiostructure.pas"/>
        <IsPartOfProject Value="True"/>
        <UnitName Value="audiostructure"/>
        <EditorIndex Value="20"/>
        <WindowIndex Value="0"/>
        <TopLine Value="461"/>
        <CursorPos X="33" Y="461"/>
        <UsageCount Value="212"/>
        <Loaded Value="True"/>
      </Unit7>
      <Unit8>
        <Filename Value="core/beattrigger.pas"/>
        <IsPartOfProject Value="True"/>
        <UnitName Value="beattrigger"/>
        <WindowIndex Value="0"/>
        <TopLine Value="122"/>
        <CursorPos X="3" Y="158"/>
        <UsageCount Value="212"/>
      </Unit8>
      <Unit9>
        <Filename Value="core/bpm.pas"/>
        <IsPartOfProject Value="True"/>
        <UnitName Value="bpm"/>
        <EditorIndex Value="63"/>
        <WindowIndex Value="0"/>
        <TopLine Value="822"/>
        <CursorPos X="8" Y="833"/>
        <UsageCount Value="212"/>
        <Loaded Value="True"/>
      </Unit9>
      <Unit10>
        <Filename Value="core/global.pas"/>
        <IsPartOfProject Value="True"/>
        <UnitName Value="global"/>
        <EditorIndex Value="58"/>
        <WindowIndex Value="0"/>
        <TopLine Value="366"/>
        <CursorPos X="1" Y="370"/>
        <UsageCount Value="212"/>
        <Loaded Value="True"/>
      </Unit10>
      <Unit11>
        <Filename Value="core/global_command.pas"/>
        <IsPartOfProject Value="True"/>
        <UnitName Value="global_command"/>
        <EditorIndex Value="38"/>
        <WindowIndex Value="0"/>
        <TopLine Value="46"/>
        <CursorPos X="1" Y="63"/>
        <UsageCount Value="212"/>
        <Loaded Value="True"/>
      </Unit11>
      <Unit12>
        <Filename Value="core/globalconst.pas"/>
        <IsPartOfProject Value="True"/>
        <UnitName Value="globalconst"/>
        <EditorIndex Value="60"/>
        <WindowIndex Value="0"/>
        <TopLine Value="170"/>
        <CursorPos X="1" Y="186"/>
        <UsageCount Value="212"/>
        <Loaded Value="True"/>
      </Unit12>
      <Unit13>
        <Filename Value="core/global_scriptactions.pas"/>
        <IsPartOfProject Value="True"/>
        <UnitName Value="global_scriptactions"/>
        <WindowIndex Value="0"/>
        <TopLine Value="14"/>
        <CursorPos X="33" Y="42"/>
        <UsageCount Value="212"/>
      </Unit13>
      <Unit14>
        <Filename Value="core/ladspa.pas"/>
        <IsPartOfProject Value="True"/>
        <UnitName Value="ladspa"/>
        <EditorIndex Value="25"/>
        <WindowIndex Value="0"/>
        <TopLine Value="374"/>
        <CursorPos X="1" Y="389"/>
        <UsageCount Value="212"/>
        <Loaded Value="True"/>
      </Unit14>
      <Unit15>
        <Filename Value="core/midi.pas"/>
        <IsPartOfProject Value="True"/>
        <UnitName Value="midi"/>
        <EditorIndex Value="19"/>
        <WindowIndex Value="0"/>
        <TopLine Value="657"/>
        <CursorPos X="1" Y="676"/>
        <UsageCount Value="212"/>
        <Bookmarks Count="2">
          <Item0 X="23" Y="727" ID="6"/>
          <Item1 X="1" Y="462" ID="7"/>
        </Bookmarks>
        <Loaded Value="True"/>
      </Unit15>
      <Unit16>
        <Filename Value="core/pattern.pas"/>
        <IsPartOfProject Value="True"/>
        <UnitName Value="pattern"/>
        <EditorIndex Value="54"/>
        <WindowIndex Value="0"/>
        <TopLine Value="101"/>
        <CursorPos X="14" Y="113"/>
        <UsageCount Value="212"/>
        <Loaded Value="True"/>
      </Unit16>
      <Unit17>
        <Filename Value="core/plugin.pas"/>
        <IsPartOfProject Value="True"/>
        <UnitName Value="plugin"/>
        <IsVisibleTab Value="True"/>
        <EditorIndex Value="23"/>
        <WindowIndex Value="0"/>
        <TopLine Value="793"/>
        <CursorPos X="3" Y="796"/>
        <UsageCount Value="212"/>
        <Bookmarks Count="1">
          <Item0 X="1" Y="386" ID="4"/>
        </Bookmarks>
        <Loaded Value="True"/>
      </Unit17>
      <Unit18>
        <Filename Value="core/pluginhost.pas"/>
        <IsPartOfProject Value="True"/>
        <UnitName Value="pluginhost"/>
        <EditorIndex Value="36"/>
        <WindowIndex Value="0"/>
        <TopLine Value="559"/>
        <CursorPos X="15" Y="565"/>
        <UsageCount Value="212"/>
        <Bookmarks Count="1">
          <Item0 X="5" Y="607" ID="8"/>
        </Bookmarks>
        <Loaded Value="True"/>
      </Unit18>
      <Unit19>
        <Filename Value="core/sampler.pas"/>
        <IsPartOfProject Value="True"/>
        <UnitName Value="sampler"/>
        <EditorIndex Value="0"/>
        <WindowIndex Value="0"/>
        <TopLine Value="362"/>
        <CursorPos X="3" Y="376"/>
        <UsageCount Value="212"/>
        <Loaded Value="True"/>
      </Unit19>
      <Unit20>
        <Filename Value="core/samplestreamprovider.pas"/>
        <IsPartOfProject Value="True"/>
        <UnitName Value="samplestreamprovider"/>
        <WindowIndex Value="0"/>
        <TopLine Value="60"/>
        <CursorPos X="1" Y="68"/>
        <UsageCount Value="212"/>
      </Unit20>
      <Unit21>
        <Filename Value="core/track.pas"/>
        <IsPartOfProject Value="True"/>
        <UnitName Value="track"/>
        <EditorIndex Value="57"/>
        <WindowIndex Value="0"/>
        <TopLine Value="341"/>
        <CursorPos X="27" Y="356"/>
        <UsageCount Value="212"/>
        <Bookmarks Count="2">
          <Item0 X="3" Y="346" ID="2"/>
          <Item1 X="3" Y="1056" ID="1"/>
        </Bookmarks>
        <Loaded Value="True"/>
      </Unit21>
      <Unit22>
        <Filename Value="gui/aboutgui.pas"/>
        <IsPartOfProject Value="True"/>
        <HasResources Value="True"/>
        <UnitName Value="aboutgui"/>
        <WindowIndex Value="0"/>
        <TopLine Value="1"/>
        <CursorPos X="1" Y="1"/>
        <UsageCount Value="212"/>
      </Unit22>
      <Unit23>
        <Filename Value="gui/bankgui.pas"/>
        <IsPartOfProject Value="True"/>
        <ComponentName Value="BankView"/>
        <HasResources Value="True"/>
        <ResourceBaseClass Value="Frame"/>
        <UnitName Value="bankgui"/>
        <EditorIndex Value="37"/>
        <WindowIndex Value="0"/>
        <TopLine Value="1"/>
        <CursorPos X="27" Y="21"/>
        <UsageCount Value="212"/>
        <Loaded Value="True"/>
        <LoadedDesigner Value="True"/>
      </Unit23>
      <Unit24>
        <Filename Value="gui/midigui.pas"/>
        <IsPartOfProject Value="True"/>
        <ComponentName Value="MidiPatternGUI"/>
        <HasResources Value="True"/>
        <ResourceBaseClass Value="Frame"/>
        <UnitName Value="midigui"/>
        <EditorIndex Value="39"/>
        <WindowIndex Value="0"/>
        <TopLine Value="1718"/>
        <CursorPos X="29" Y="1741"/>
        <UsageCount Value="212"/>
        <Loaded Value="True"/>
        <LoadedDesigner Value="True"/>
      </Unit24>
      <Unit25>
        <Filename Value="gui/plugingui.pas"/>
        <IsPartOfProject Value="True"/>
        <UnitName Value="plugingui"/>
        <EditorIndex Value="45"/>
        <WindowIndex Value="0"/>
        <TopLine Value="26"/>
        <CursorPos X="1" Y="204"/>
        <UsageCount Value="212"/>
        <Loaded Value="True"/>
      </Unit25>
      <Unit26>
        <Filename Value="gui/pluginhostgui.pas"/>
        <IsPartOfProject Value="True"/>
        <ComponentName Value="PluginProcessorGUI"/>
        <HasResources Value="True"/>
        <ResourceBaseClass Value="Frame"/>
        <UnitName Value="pluginhostgui"/>
        <EditorIndex Value="43"/>
        <WindowIndex Value="0"/>
        <TopLine Value="435"/>
        <CursorPos X="1" Y="463"/>
        <UsageCount Value="212"/>
        <Loaded Value="True"/>
        <LoadedDesigner Value="True"/>
      </Unit26>
      <Unit27>
        <Filename Value="gui/samplegui.pas"/>
        <IsPartOfProject Value="True"/>
        <ComponentName Value="SampleView"/>
        <HasResources Value="True"/>
        <ResourceBaseClass Value="Frame"/>
        <UnitName Value="samplegui"/>
        <EditorIndex Value="31"/>
        <WindowIndex Value="0"/>
        <TopLine Value="465"/>
        <CursorPos X="36" Y="479"/>
        <UsageCount Value="212"/>
        <Loaded Value="True"/>
        <LoadedDesigner Value="True"/>
      </Unit27>
      <Unit28>
        <Filename Value="common/fx.pas"/>
        <IsPartOfProject Value="True"/>
        <UnitName Value="fx"/>
        <EditorIndex Value="14"/>
        <WindowIndex Value="0"/>
        <TopLine Value="70"/>
        <CursorPos X="14" Y="84"/>
        <UsageCount Value="211"/>
        <Loaded Value="True"/>
      </Unit28>
      <Unit29>
        <Filename Value="gui/optionsgui.pas"/>
        <IsPartOfProject Value="True"/>
        <ComponentName Value="fmOptions"/>
        <HasResources Value="True"/>
        <ResourceBaseClass Value="Form"/>
        <UnitName Value="optionsgui"/>
        <WindowIndex Value="0"/>
        <TopLine Value="1"/>
        <CursorPos X="13" Y="15"/>
        <UsageCount Value="204"/>
      </Unit29>
      <Unit30>
        <Filename Value="bindings/libjack/jack.pp"/>
        <IsPartOfProject Value="True"/>
        <UnitName Value="jack"/>
        <EditorIndex Value="6"/>
        <WindowIndex Value="0"/>
        <TopLine Value="194"/>
        <CursorPos X="120" Y="208"/>
        <UsageCount Value="205"/>
        <Loaded Value="True"/>
      </Unit30>
      <Unit31>
        <Filename Value="bindings/libjack/jacktypes.pp"/>
        <IsPartOfProject Value="True"/>
        <UnitName Value="jacktypes"/>
        <WindowIndex Value="0"/>
        <TopLine Value="1"/>
        <CursorPos X="1" Y="1"/>
        <UsageCount Value="205"/>
      </Unit31>
      <Unit32>
        <Filename Value="bindings/libjack/midiport.pp"/>
        <IsPartOfProject Value="True"/>
        <UnitName Value="midiport"/>
        <EditorIndex Value="4"/>
        <WindowIndex Value="0"/>
        <TopLine Value="1"/>
        <CursorPos X="14" Y="2"/>
        <UsageCount Value="205"/>
        <Loaded Value="True"/>
      </Unit32>
      <Unit33>
        <Filename Value="bindings/libjack/ringbuffer.pp"/>
        <IsPartOfProject Value="True"/>
        <UnitName Value="ringbuffer"/>
        <WindowIndex Value="0"/>
        <TopLine Value="156"/>
        <CursorPos X="12" Y="156"/>
        <UsageCount Value="205"/>
      </Unit33>
      <Unit34>
        <Filename Value="bindings/libsndfile/sndfile.pas"/>
        <IsPartOfProject Value="True"/>
        <UnitName Value="sndfile"/>
        <WindowIndex Value="0"/>
        <TopLine Value="554"/>
        <CursorPos X="12" Y="567"/>
        <UsageCount Value="205"/>
      </Unit34>
      <Unit35>
        <Filename Value="common/palfo.pas"/>
        <IsPartOfProject Value="True"/>
        <UnitName Value="PALFO"/>
        <WindowIndex Value="0"/>
        <TopLine Value="44"/>
        <CursorPos X="18" Y="52"/>
        <UsageCount Value="200"/>
      </Unit35>
      <Unit36>
        <Filename Value="core/filters.pas"/>
        <IsPartOfProject Value="True"/>
        <UnitName Value="filters"/>
        <EditorIndex Value="18"/>
        <WindowIndex Value="0"/>
        <TopLine Value="69"/>
        <CursorPos X="84" Y="79"/>
        <UsageCount Value="202"/>
        <Loaded Value="True"/>
      </Unit36>
      <Unit37>
        <Filename Value="core/baseengine.pas"/>
        <IsPartOfProject Value="True"/>
        <UnitName Value="baseengine"/>
        <WindowIndex Value="0"/>
        <TopLine Value="26"/>
        <CursorPos X="3" Y="41"/>
        <UsageCount Value="201"/>
      </Unit37>
      <Unit38>
        <Filename Value="components/dialcontrol.pas"/>
        <UnitName Value="dialcontrol"/>
        <EditorIndex Value="32"/>
        <WindowIndex Value="0"/>
        <TopLine Value="809"/>
        <CursorPos X="1" Y="813"/>
        <UsageCount Value="238"/>
        <Loaded Value="True"/>
      </Unit38>
      <Unit39>
        <Filename Value="common/audioutils.pas"/>
        <IsPartOfProject Value="True"/>
        <UnitName Value="audioutils"/>
        <WindowIndex Value="0"/>
        <TopLine Value="1"/>
        <CursorPos X="3" Y="198"/>
        <UsageCount Value="211"/>
        <Bookmarks Count="1">
          <Item0 X="3" Y="198" ID="4"/>
        </Bookmarks>
      </Unit39>
      <Unit40>
        <Filename Value="engine/waveformengine.pas"/>
        <IsPartOfProject Value="True"/>
        <UnitName Value="waveformengine"/>
        <WindowIndex Value="0"/>
        <TopLine Value="1"/>
        <CursorPos X="1" Y="13"/>
        <UsageCount Value="207"/>
      </Unit40>
      <Unit41>
        <Filename Value="engine/trackengine.pas"/>
        <IsPartOfProject Value="True"/>
        <UnitName Value="trackengine"/>
        <WindowIndex Value="0"/>
        <TopLine Value="1"/>
        <CursorPos X="67" Y="2"/>
        <UsageCount Value="207"/>
      </Unit41>
      <Unit42>
        <Filename Value="core/ladspaloader.pas"/>
        <IsPartOfProject Value="True"/>
        <UnitName Value="ladspaloader"/>
        <EditorIndex Value="24"/>
        <WindowIndex Value="0"/>
        <TopLine Value="123"/>
        <CursorPos X="1" Y="138"/>
        <UsageCount Value="214"/>
        <Loaded Value="True"/>
      </Unit42>
      <Unit43>
        <Filename Value="gui/midipatterncontrolgui.pas"/>
        <IsPartOfProject Value="True"/>
        <ComponentName Value="MidiPatternControlGUI"/>
        <HasResources Value="True"/>
        <ResourceBaseClass Value="Frame"/>
        <UnitName Value="midipatterncontrolgui"/>
        <EditorIndex Value="35"/>
        <WindowIndex Value="0"/>
        <TopLine Value="407"/>
        <CursorPos X="23" Y="419"/>
        <UsageCount Value="207"/>
        <Loaded Value="True"/>
        <LoadedDesigner Value="True"/>
      </Unit43>
      <Unit44>
        <Filename Value="gui/wavepatterncontrolgui.pas"/>
        <IsPartOfProject Value="True"/>
        <ComponentName Value="WavePatternControlGUI"/>
        <HasResources Value="True"/>
        <ResourceBaseClass Value="Frame"/>
        <UnitName Value="wavepatterncontrolgui"/>
        <EditorIndex Value="49"/>
        <WindowIndex Value="0"/>
        <TopLine Value="1"/>
        <CursorPos X="20" Y="16"/>
        <UsageCount Value="207"/>
        <Loaded Value="True"/>
        <LoadedDesigner Value="True"/>
      </Unit44>
      <Unit45>
        <Filename Value="gui/midipatterngui.pas"/>
        <IsPartOfProject Value="True"/>
        <UnitName Value="midipatterngui"/>
        <EditorIndex Value="51"/>
        <WindowIndex Value="0"/>
        <TopLine Value="261"/>
        <CursorPos X="24" Y="273"/>
        <UsageCount Value="200"/>
        <Loaded Value="True"/>
      </Unit45>
      <Unit46>
        <Filename Value="gui/wavegui.pas"/>
        <IsPartOfProject Value="True"/>
        <UnitName Value="wavegui"/>
        <EditorIndex Value="48"/>
        <WindowIndex Value="0"/>
        <TopLine Value="1677"/>
        <CursorPos X="37" Y="1696"/>
        <UsageCount Value="204"/>
        <Loaded Value="True"/>
      </Unit46>
      <Unit47>
        <Filename Value="gui/wavepatterngui.pas"/>
        <IsPartOfProject Value="True"/>
        <UnitName Value="wavepatterngui"/>
        <EditorIndex Value="52"/>
        <WindowIndex Value="0"/>
        <TopLine Value="229"/>
        <CursorPos X="55" Y="245"/>
        <UsageCount Value="202"/>
        <Loaded Value="True"/>
      </Unit47>
      <Unit48>
        <Filename Value="core/wave.pas"/>
        <IsPartOfProject Value="True"/>
        <UnitName Value="wave"/>
        <EditorIndex Value="8"/>
        <WindowIndex Value="0"/>
        <TopLine Value="263"/>
        <CursorPos X="41" Y="276"/>
        <UsageCount Value="204"/>
        <Loaded Value="True"/>
      </Unit48>
      <Unit49>
        <Filename Value="core/pluginportmapper.pas"/>
        <IsPartOfProject Value="True"/>
        <UnitName Value="pluginportmapper"/>
        <WindowIndex Value="0"/>
        <TopLine Value="1"/>
        <CursorPos X="1" Y="1"/>
        <UsageCount Value="208"/>
      </Unit49>
      <Unit50>
        <Filename Value="core/midicontrolmap.pas"/>
        <IsPartOfProject Value="True"/>
        <UnitName Value="midicontrolmap"/>
        <WindowIndex Value="0"/>
        <TopLine Value="1"/>
        <CursorPos X="25" Y="13"/>
        <UsageCount Value="200"/>
      </Unit50>
      <Unit51>
        <Filename Value="core/wsola.pas"/>
        <IsPartOfProject Value="True"/>
        <UnitName Value="wsola"/>
        <WindowIndex Value="0"/>
        <TopLine Value="94"/>
        <CursorPos X="6" Y="119"/>
        <UsageCount Value="208"/>
      </Unit51>
      <Unit52>
        <Filename Value="externals/soundtouch/soundtouch.pas"/>
        <IsPartOfProject Value="True"/>
        <UnitName Value="soundtouch"/>
        <EditorIndex Value="12"/>
        <WindowIndex Value="0"/>
        <TopLine Value="282"/>
        <CursorPos X="1" Y="297"/>
        <UsageCount Value="200"/>
        <Loaded Value="True"/>
      </Unit52>
      <Unit53>
        <Filename Value="externals/soundtouch/tdstretch.pas"/>
        <UnitName Value="tdstretch"/>
        <EditorIndex Value="59"/>
        <WindowIndex Value="0"/>
        <TopLine Value="742"/>
        <CursorPos X="22" Y="748"/>
        <UsageCount Value="100"/>
        <Loaded Value="True"/>
      </Unit53>
      <Unit54>
        <Filename Value="externals/soundtouch/ratetransposer.pas"/>
        <UnitName Value="ratetransposer"/>
        <EditorIndex Value="13"/>
        <WindowIndex Value="0"/>
        <TopLine Value="195"/>
        <CursorPos X="3" Y="200"/>
        <UsageCount Value="104"/>
        <Loaded Value="True"/>
      </Unit54>
      <Unit55>
        <Filename Value="bindings/librubberband/librubberband.pp"/>
        <IsPartOfProject Value="True"/>
        <UnitName Value="librubberband"/>
        <WindowIndex Value="0"/>
        <TopLine Value="67"/>
        <CursorPos X="29" Y="102"/>
        <UsageCount Value="201"/>
      </Unit55>
      <Unit56>
        <Filename Value="core/smbpitchshift.pas"/>
        <IsPartOfProject Value="True"/>
        <UnitName Value="smbPitchShift"/>
        <WindowIndex Value="0"/>
        <TopLine Value="249"/>
        <CursorPos X="30" Y="254"/>
        <UsageCount Value="257"/>
        <Bookmarks Count="2">
          <Item0 X="28" Y="366" ID="3"/>
          <Item1 X="1" Y="149" ID="2"/>
        </Bookmarks>
      </Unit56>
      <Unit57>
        <Filename Value="gui/patternlistgui.pas"/>
        <IsPartOfProject Value="True"/>
        <UnitName Value="patternlistgui"/>
        <EditorIndex Value="3"/>
        <WindowIndex Value="0"/>
        <TopLine Value="103"/>
        <CursorPos X="51" Y="114"/>
        <UsageCount Value="210"/>
        <Loaded Value="True"/>
      </Unit57>
      <Unit58>
        <Filename Value="core/transistor_ladder.pas"/>
        <IsPartOfProject Value="True"/>
        <UnitName Value="transistor_ladder"/>
        <WindowIndex Value="0"/>
        <TopLine Value="1"/>
        <CursorPos X="3" Y="27"/>
        <UsageCount Value="204"/>
      </Unit58>
      <Unit59>
        <Filename Value="gui/sessiongrid.pas"/>
        <IsPartOfProject Value="True"/>
        <UnitName Value="sessiongrid"/>
        <EditorIndex Value="46"/>
        <WindowIndex Value="0"/>
        <TopLine Value="912"/>
        <CursorPos X="1" Y="914"/>
        <UsageCount Value="207"/>
        <Loaded Value="True"/>
      </Unit59>
      <Unit60>
        <Filename Value="gui/patternview.pas"/>
        <IsPartOfProject Value="True"/>
        <ComponentName Value="PatternView"/>
        <HasResources Value="True"/>
        <ResourceBaseClass Value="Frame"/>
        <UnitName Value="patternview"/>
        <EditorIndex Value="42"/>
        <WindowIndex Value="0"/>
        <TopLine Value="255"/>
        <CursorPos X="18" Y="271"/>
        <UsageCount Value="242"/>
        <Loaded Value="True"/>
        <LoadedDesigner Value="True"/>
      </Unit60>
      <Unit61>
        <Filename Value="core/basetimestretch.pas"/>
        <IsPartOfProject Value="True"/>
        <UnitName Value="basetimestretch"/>
        <WindowIndex Value="0"/>
        <TopLine Value="1"/>
        <CursorPos X="10" Y="12"/>
        <UsageCount Value="210"/>
        <Bookmarks Count="1">
          <Item0 X="1" Y="17" ID="9"/>
        </Bookmarks>
      </Unit61>
      <Unit62>
        <Filename Value="gui/pluginnodegui.pas"/>
        <IsPartOfProject Value="True"/>
        <ComponentName Value="GenericPluginGUI"/>
        <HasResources Value="True"/>
        <ResourceBaseClass Value="Frame"/>
        <UnitName Value="pluginnodegui"/>
        <EditorIndex Value="21"/>
        <WindowIndex Value="0"/>
        <TopLine Value="189"/>
        <CursorPos X="25" Y="218"/>
        <UsageCount Value="200"/>
        <Bookmarks Count="1">
          <Item0 X="3" Y="157" ID="3"/>
        </Bookmarks>
        <Loaded Value="True"/>
        <LoadedDesigner Value="True"/>
      </Unit62>
      <Unit63>
        <Filename Value="gui/plugindistortion.pas"/>
        <IsPartOfProject Value="True"/>
        <ComponentName Value="PluginDistortionGUI"/>
        <ResourceBaseClass Value="Frame"/>
        <UnitName Value="plugindistortion"/>
        <WindowIndex Value="0"/>
        <TopLine Value="1"/>
        <CursorPos X="22" Y="1"/>
        <UsageCount Value="201"/>
      </Unit63>
      <Unit64>
        <Filename Value="plugins/plugin_moog.pas"/>
        <IsPartOfProject Value="True"/>
        <UnitName Value="plugin_moog"/>
        <EditorIndex Value="56"/>
        <WindowIndex Value="0"/>
        <TopLine Value="128"/>
        <CursorPos X="17" Y="137"/>
        <UsageCount Value="200"/>
        <Loaded Value="True"/>
      </Unit64>
      <Unit65>
        <Filename Value="plugins/plugin_decimate.pas"/>
        <IsPartOfProject Value="True"/>
        <UnitName Value="plugin_decimate"/>
        <EditorIndex Value="26"/>
        <WindowIndex Value="0"/>
        <TopLine Value="18"/>
        <CursorPos X="23" Y="24"/>
        <UsageCount Value="200"/>
        <Loaded Value="True"/>
      </Unit65>
      <Unit66>
        <Filename Value="plugins/plugin_distortion.pas"/>
        <IsPartOfProject Value="True"/>
        <UnitName Value="plugin_distortion"/>
        <EditorIndex Value="28"/>
        <WindowIndex Value="0"/>
        <TopLine Value="94"/>
        <CursorPos X="17" Y="114"/>
        <UsageCount Value="201"/>
        <Loaded Value="True"/>
      </Unit66>
      <Unit67>
        <Filename Value="plugins/plugin_distortion_gui.pas"/>
        <IsPartOfProject Value="True"/>
        <UnitName Value="plugin_distortion_gui"/>
        <EditorIndex Value="22"/>
        <WindowIndex Value="0"/>
        <TopLine Value="1"/>
        <CursorPos X="27" Y="1"/>
        <UsageCount Value="201"/>
        <Loaded Value="True"/>
      </Unit67>
      <Unit68>
        <Filename Value="core/freereverb.pas"/>
        <IsPartOfProject Value="True"/>
        <UnitName Value="freereverb"/>
        <EditorIndex Value="15"/>
        <WindowIndex Value="0"/>
        <TopLine Value="361"/>
        <CursorPos X="1" Y="377"/>
        <UsageCount Value="200"/>
        <Loaded Value="True"/>
      </Unit68>
      <Unit69>
        <Filename Value="plugins/plugin_freeverb.pas"/>
        <IsPartOfProject Value="True"/>
        <UnitName Value="plugin_freeverb"/>
        <EditorIndex Value="55"/>
        <WindowIndex Value="0"/>
        <TopLine Value="15"/>
        <CursorPos X="1" Y="18"/>
        <UsageCount Value="201"/>
        <Loaded Value="True"/>
      </Unit69>
      <Unit70>
        <Filename Value="plugins/plugin_freeverb_gui.pas"/>
        <IsPartOfProject Value="True"/>
        <UnitName Value="plugin_freeverb_gui"/>
        <WindowIndex Value="0"/>
        <TopLine Value="45"/>
        <CursorPos X="19" Y="75"/>
        <UsageCount Value="201"/>
      </Unit70>
      <Unit71>
        <Filename Value="plugins/plugin_decimate_gui.pas"/>
        <IsPartOfProject Value="True"/>
        <UnitName Value="plugin_decimate_gui"/>
        <EditorIndex Value="44"/>
        <WindowIndex Value="0"/>
        <TopLine Value="1"/>
        <CursorPos X="26" Y="1"/>
        <UsageCount Value="201"/>
        <Loaded Value="True"/>
      </Unit71>
      <Unit72>
        <Filename Value="plugins/plugin_bassline_gui.pas"/>
        <IsPartOfProject Value="True"/>
        <UnitName Value="plugin_bassline_gui"/>
        <EditorIndex Value="53"/>
        <WindowIndex Value="0"/>
        <TopLine Value="4"/>
        <CursorPos X="1" Y="22"/>
        <UsageCount Value="214"/>
        <Loaded Value="True"/>
      </Unit72>
      <Unit73>
        <Filename Value="plugins/plugin_bassline.pas"/>
        <IsPartOfProject Value="True"/>
        <UnitName Value="plugin_bassline"/>
        <EditorIndex Value="27"/>
        <WindowIndex Value="0"/>
        <TopLine Value="11"/>
        <CursorPos X="1" Y="263"/>
        <UsageCount Value="214"/>
        <Loaded Value="True"/>
      </Unit73>
      <Unit74>
        <Filename Value="plugins/tb303.pas"/>
        <UnitName Value="tb303"/>
        <EditorIndex Value="34"/>
        <WindowIndex Value="0"/>
        <TopLine Value="72"/>
        <CursorPos X="14" Y="84"/>
        <UsageCount Value="100"/>
        <Loaded Value="True"/>
      </Unit74>
      <Unit75>
        <Filename Value="gui/patternoverview.pas"/>
        <IsPartOfProject Value="True"/>
        <UnitName Value="patternoverview"/>
        <EditorIndex Value="50"/>
        <WindowIndex Value="0"/>
        <TopLine Value="90"/>
        <CursorPos X="27" Y="63"/>
        <UsageCount Value="203"/>
        <Loaded Value="True"/>
      </Unit75>
      <Unit76>
        <Filename Value="/usr/share/fpcsrc/2.6.2/rtl/inc/heaptrc.pp"/>
        <UnitName Value="heaptrc"/>
        <EditorIndex Value="64"/>
        <WindowIndex Value="0"/>
        <TopLine Value="1"/>
        <CursorPos X="54" Y="1"/>
        <UsageCount Value="160"/>
        <Loaded Value="True"/>
      </Unit76>
      <Unit77>
        <Filename Value="gui/renamepatterngui.pas"/>
        <IsPartOfProject Value="True"/>
        <ComponentName Value="FmRenamePattern"/>
        <HasResources Value="True"/>
        <ResourceBaseClass Value="Form"/>
        <UnitName Value="renamepatterngui"/>
        <EditorIndex Value="47"/>
        <WindowIndex Value="0"/>
        <TopLine Value="1"/>
        <CursorPos X="13" Y="16"/>
        <UsageCount Value="318"/>
        <Loaded Value="True"/>
      </Unit77>
      <Unit78>
        <Filename Value="externals/soundtouch/peakfinder.pas"/>
        <UnitName Value="peakfinder"/>
        <WindowIndex Value="0"/>
        <TopLine Value="300"/>
        <CursorPos X="1" Y="321"/>
        <UsageCount Value="299"/>
      </Unit78>
      <Unit79>
        <Filename Value="core/stretcher.pas"/>
        <IsPartOfProject Value="True"/>
        <UnitName Value="stretcher"/>
        <EditorIndex Value="10"/>
        <WindowIndex Value="0"/>
        <TopLine Value="28"/>
        <CursorPos X="14" Y="39"/>
        <UsageCount Value="709"/>
        <Loaded Value="True"/>
      </Unit79>
      <Unit80>
        <Filename Value="core/ucrosscorrelatefft.pas"/>
        <UnitName Value="uCrossCorrelateFFT"/>
        <EditorIndex Value="11"/>
        <WindowIndex Value="0"/>
        <TopLine Value="143"/>
        <CursorPos X="18" Y="167"/>
        <UsageCount Value="354"/>
        <Loaded Value="True"/>
      </Unit80>
      <Unit81>
        <Filename Value="core/fftreal.pas"/>
        <UnitName Value="FFTReal"/>
        <EditorIndex Value="17"/>
        <WindowIndex Value="0"/>
        <TopLine Value="35"/>
        <CursorPos X="5" Y="50"/>
        <UsageCount Value="111"/>
        <Loaded Value="True"/>
      </Unit81>
      <Unit82>
        <Filename Value="/usr/share/fpcsrc/2.6.2/packages/fcl-json/src/fpjsonrtti.pp"/>
        <UnitName Value="fpjsonrtti"/>
        <EditorIndex Value="61"/>
        <WindowIndex Value="0"/>
        <TopLine Value="54"/>
        <CursorPos X="1" Y="98"/>
        <UsageCount Value="232"/>
        <Loaded Value="True"/>
      </Unit82>
      <Unit83>
        <Filename Value="/usr/share/fpcsrc/2.6.2/packages/fcl-json/src/fpjson.pp"/>
        <UnitName Value="fpjson"/>
        <EditorIndex Value="62"/>
        <WindowIndex Value="0"/>
        <TopLine Value="10"/>
        <CursorPos X="3" Y="31"/>
        <UsageCount Value="232"/>
        <Loaded Value="True"/>
      </Unit83>
      <Unit84>
        <Filename Value="/usr/share/fpcsrc/2.6.2/rtl/objpas/math.pp"/>
        <UnitName Value="math"/>
        <EditorIndex Value="16"/>
        <WindowIndex Value="0"/>
        <TopLine Value="652"/>
        <CursorPos X="6" Y="655"/>
        <UsageCount Value="185"/>
        <Loaded Value="True"/>
      </Unit84>
      <Unit85>
        <Filename Value="bindings/librubberband/urubberbandtest.pas"/>
        <UnitName Value="urubberbandtest"/>
        <WindowIndex Value="0"/>
        <TopLine Value="1"/>
        <CursorPos X="1" Y="3"/>
        <UsageCount Value="60"/>
      </Unit85>
      <Unit86>
        <Filename Value="core/sincfir.pas"/>
        <IsPartOfProject Value="True"/>
        <UnitName Value="SincFIR"/>
        <EditorIndex Value="9"/>
        <WindowIndex Value="0"/>
        <TopLine Value="1"/>
        <CursorPos X="31" Y="5"/>
        <UsageCount Value="349"/>
        <Loaded Value="True"/>
      </Unit86>
      <Unit87>
        <Filename Value="plugins/plugin_external.pas"/>
        <IsPartOfProject Value="True"/>
        <UnitName Value="plugin_external"/>
        <EditorIndex Value="29"/>
        <WindowIndex Value="0"/>
        <TopLine Value="154"/>
        <CursorPos X="1" Y="173"/>
        <UsageCount Value="217"/>
        <Bookmarks Count="1">
          <Item0 X="1" Y="45" ID="5"/>
        </Bookmarks>
        <Loaded Value="True"/>
      </Unit87>
      <Unit88>
        <Filename Value="library/bgrabitmaptypes.pas"/>
        <UnitName Value="BGRABitmapTypes"/>
        <EditorIndex Value="33"/>
        <WindowIndex Value="0"/>
        <TopLine Value="154"/>
        <CursorPos X="3" Y="169"/>
        <UsageCount Value="199"/>
        <Loaded Value="True"/>
      </Unit88>
      <Unit89>
        <Filename Value="../lazarus/lcl/menus.pp"/>
        <UnitName Value="Menus"/>
        <WindowIndex Value="0"/>
        <TopLine Value="103"/>
        <CursorPos X="3" Y="118"/>
        <UsageCount Value="38"/>
      </Unit89>
      <Unit90>
        <Filename Value="plugins/plugin_delay.pas"/>
        <UnitName Value="plugin_delay"/>
        <EditorIndex Value="30"/>
        <WindowIndex Value="0"/>
        <TopLine Value="11"/>
        <CursorPos X="1" Y="29"/>
        <UsageCount Value="180"/>
        <Loaded Value="True"/>
      </Unit90>
      <Unit91>
        <Filename Value="bindings/libjack/transport.pp"/>
        <UnitName Value="transport"/>
        <EditorIndex Value="5"/>
        <WindowIndex Value="0"/>
        <TopLine Value="1"/>
        <CursorPos X="15" Y="1"/>
        <UsageCount Value="156"/>
        <Loaded Value="True"/>
      </Unit91>
      <Unit92>
        <Filename Value="/usr/share/fpcsrc/2.6.2/rtl/objpas/classes/classesh.inc"/>
        <EditorIndex Value="41"/>
        <WindowIndex Value="0"/>
        <TopLine Value="93"/>
        <CursorPos X="3" Y="110"/>
        <UsageCount Value="153"/>
        <Loaded Value="True"/>
      </Unit92>
      <Unit93>
        <Filename Value="/usr/share/fpcsrc/2.6.2/packages/fcl-base/src/contnrs.pp"/>
        <UnitName Value="contnrs"/>
        <EditorIndex Value="40"/>
        <WindowIndex Value="0"/>
        <TopLine Value="830"/>
        <CursorPos X="3" Y="833"/>
        <UsageCount Value="153"/>
        <Loaded Value="True"/>
      </Unit93>
    </Units>
    <JumpHistory Count="29" HistoryIndex="28">
      <Position1>
        <Filename Value="core/track.pas"/>
        <Caret Line="133" Column="1" TopLine="125"/>
      </Position1>
      <Position2>
        <Filename Value="core/track.pas"/>
        <Caret Line="66" Column="13" TopLine="53"/>
      </Position2>
      <Position3>
        <Filename Value="core/track.pas"/>
        <Caret Line="294" Column="13" TopLine="270"/>
      </Position3>
      <Position4>
        <Filename Value="core/track.pas"/>
        <Caret Line="300" Column="59" TopLine="276"/>
      </Position4>
      <Position5>
        <Filename Value="core/track.pas"/>
        <Caret Line="334" Column="29" TopLine="310"/>
      </Position5>
      <Position6>
        <Filename Value="core/track.pas"/>
        <Caret Line="340" Column="28" TopLine="316"/>
      </Position6>
      <Position7>
        <Filename Value="core/track.pas"/>
        <Caret Line="1" Column="1" TopLine="1"/>
      </Position7>
      <Position8>
        <Filename Value="core/track.pas"/>
        <Caret Line="66" Column="14" TopLine="42"/>
      </Position8>
      <Position9>
        <Filename Value="core/track.pas"/>
        <Caret Line="337" Column="20" TopLine="319"/>
      </Position9>
      <Position10>
        <Filename Value="simplejack.pas"/>
        <Caret Line="603" Column="17" TopLine="590"/>
      </Position10>
      <Position11>
        <Filename Value="core/pluginhost.pas"/>
        <Caret Line="77" Column="14" TopLine="66"/>
      </Position11>
      <Position12>
        <Filename Value="core/pluginhost.pas"/>
        <Caret Line="574" Column="79" TopLine="561"/>
      </Position12>
      <Position13>
        <Filename Value="components/dialcontrol.pas"/>
        <Caret Line="934" Column="3" TopLine="931"/>
      </Position13>
      <Position14>
        <Filename Value="components/dialcontrol.pas"/>
        <Caret Line="898" Column="56" TopLine="888"/>
      </Position14>
      <Position15>
        <Filename Value="components/dialcontrol.pas"/>
        <Caret Line="194" Column="9" TopLine="179"/>
      </Position15>
      <Position16>
        <Filename Value="components/dialcontrol.pas"/>
        <Caret Line="226" Column="35" TopLine="202"/>
      </Position16>
      <Position17>
        <Filename Value="components/dialcontrol.pas"/>
        <Caret Line="701" Column="63" TopLine="677"/>
      </Position17>
      <Position18>
        <Filename Value="components/dialcontrol.pas"/>
        <Caret Line="705" Column="63" TopLine="681"/>
      </Position18>
      <Position19>
        <Filename Value="components/dialcontrol.pas"/>
        <Caret Line="740" Column="7" TopLine="716"/>
      </Position19>
      <Position20>
        <Filename Value="gui/pluginhostgui.pas"/>
        <Caret Line="439" Column="46" TopLine="424"/>
      </Position20>
      <Position21>
        <Filename Value="gui/pluginhostgui.pas"/>
        <Caret Line="417" Column="31" TopLine="460"/>
      </Position21>
      <Position22>
        <Filename Value="gui/pluginnodegui.pas"/>
        <Caret Line="165" Column="1" TopLine="151"/>
      </Position22>
      <Position23>
        <Filename Value="plugins/plugin_bassline.pas"/>
        <Caret Line="263" Column="1" TopLine="11"/>
      </Position23>
      <Position24>
        <Filename Value="core/plugin.pas"/>
        <Caret Line="171" Column="17" TopLine="151"/>
      </Position24>
      <Position25>
        <Filename Value="gui/pluginhostgui.pas"/>
        <Caret Line="492" Column="30" TopLine="464"/>
      </Position25>
      <Position26>
        <Filename Value="gui/pluginnodegui.pas"/>
        <Caret Line="217" Column="3" TopLine="212"/>
      </Position26>
      <Position27>
        <Filename Value="simplejack.pas"/>
        <Caret Line="408" Column="24" TopLine="391"/>
      </Position27>
      <Position28>
        <Filename Value="gui/pluginnodegui.pas"/>
        <Caret Line="218" Column="25" TopLine="189"/>
      </Position28>
      <Position29>
        <Filename Value="core/plugin.pas"/>
        <Caret Line="340" Column="3" TopLine="337"/>
      </Position29>
    </JumpHistory>
    <CustomSessionData Count="2">
      <Item0 Name="SVN active" Value="-1"/>
      <Item1 Name="SVN repository" Value="https://hybrid-sequencer.googlecode.com/svn/trunk/ hybrid-sequencer"/>
    </CustomSessionData>
  </ProjectOptions>
  <CompilerOptions>
    <Version Value="11"/>
    <SearchPaths>
      <OtherUnitFiles Value="$(LazarusDir)/lcl/units/$(TargetCPU)-$(TargetOS);$(LazarusDir)/units/i386-linux;$(LazarusDir)/components/codetools/units/$(TargetCPU)-$(TargetOS);bindings;components;common;core;gui;bindings/libjack;bindings/libsndfile;bindings/slv2;engine;library;externals/soundtouch;bindings/librubberband;plugins"/>
      <UnitOutputDirectory Value="bin"/>
    </SearchPaths>
    <Parsing>
      <Style Value="1"/>
      <SyntaxOptions>
        <IncludeAssertionCode Value="True"/>
      </SyntaxOptions>
    </Parsing>
    <CodeGeneration>
      <SmartLinkUnit Value="True"/>
      <TargetProcessor Value="pentium4"/>
      <TargetCPU Value="i386"/>
      <TargetOS Value="linux"/>
    </CodeGeneration>
    <Linking>
      <Debugging>
        <GenGProfCode Value="True"/>
        <UseExternalDbgSyms Value="True"/>
      </Debugging>
    </Linking>
    <Other>
      <Verbosity>
        <ShowHints Value="False"/>
      </Verbosity>
      <WriteFPCLogo Value="False"/>
      <CompilerMessages>
        <UseMsgFile Value="True"/>
      </CompilerMessages>
      <CustomOptions Value="-dUseCThreads"/>
      <CompilerPath Value="$(CompPath)"/>
    </Other>
    <LCLWidgetType Value="gtk2"/>
  </CompilerOptions>
  <Debugging>
    <BreakPoints Count="5">
      <Item1>
        <Kind Value="bpkSource"/>
        <WatchScope Value="wpsLocal"/>
        <WatchKind Value="wpkWrite"/>
        <Source Value="core/globalconst.pas"/>
        <Line Value="1275"/>
      </Item1>
      <Item2>
        <Kind Value="bpkSource"/>
        <WatchScope Value="wpsLocal"/>
        <WatchKind Value="wpkWrite"/>
        <Source Value="core/audiostructure.pas"/>
        <Line Value="780"/>
      </Item2>
      <Item3>
        <Kind Value="bpkSource"/>
        <WatchScope Value="wpsLocal"/>
        <WatchKind Value="wpkWrite"/>
        <Source Value="core/pattern.pas"/>
        <Line Value="560"/>
      </Item3>
      <Item4>
        <Kind Value="bpkSource"/>
        <WatchScope Value="wpsLocal"/>
        <WatchKind Value="wpkWrite"/>
        <Source Value="gui/midigui.pas"/>
        <Line Value="1338"/>
      </Item4>
      <Item5>
        <Kind Value="bpkSource"/>
        <WatchScope Value="wpsLocal"/>
        <WatchKind Value="wpkWrite"/>
        <Source Value="gui/sessiongrid.pas"/>
        <Line Value="135"/>
      </Item5>
    </BreakPoints>
    <Watches Count="1">
      <Item1>
        <Expression Value="FInputControls[0]"/>
      </Item1>
    </Watches>
    <Exceptions Count="3" IgnoreAll="True">
      <Item1>
        <Name Value="ECodetoolError"/>
      </Item1>
      <Item2>
        <Name Value="EFOpenError"/>
      </Item2>
      <Item3>
        <Name Value="EListError"/>
      </Item3>
    </Exceptions>
  </Debugging>
</CONFIG>
