<?xml version="1.0"?>
<CONFIG>
  <ProjectOptions>
    <Version Value="9"/>
    <General>
      <Flags>
        <MainUnitHasUsesSectionForAllUnits Value="False"/>
        <LRSInOutputDirectory Value="False"/>
      </Flags>
      <MainUnit Value="0"/>
      <AutoCreateForms Value="False"/>
      <Title Value="SJack.lpi"/>
      <UseAppBundle Value="False"/>
      <ActiveWindowIndexAtStart Value="0"/>
    </General>
    <VersionInfo>
      <UseVersionInfo Value="True"/>
      <MinorVersionNr Value="1"/>
      <StringTable CompanyName="Sensory Overload Records" ProductName="Hybrid Sequencer" ProductVersion="0.0.1.0"/>
    </VersionInfo>
    <MacroValues Count="1">
      <Macro1 Name="LCLWidgetType" Value="gtk2"/>
    </MacroValues>
    <BuildModes Count="1">
      <Item1 Name="default" Default="True"/>
    </BuildModes>
    <PublishOptions>
      <Version Value="2"/>
      <IgnoreBinaries Value="False"/>
      <IncludeFileFilter Value="*.(pas|pp|inc|lfm|lpr|lrs|lpi|lpk|sh|xml)"/>
      <ExcludeFileFilter Value="*.(bak|ppu|ppw|o|so);*~;backup"/>
    </PublishOptions>
    <RunParams>
      <local>
        <FormatVersion Value="1"/>
        <LaunchingApplication PathPlusParams="/usr/X11R6/bin/xterm -T 'Lazarus Run Output' -e $(LazarusDir)/tools/runwait.sh $(TargetCmdLine)"/>
      </local>
    </RunParams>
    <RequiredPackages Count="5">
      <Item1>
        <PackageName Value="LCLBase"/>
        <MinVersion Major="1" Release="1" Valid="True"/>
      </Item1>
      <Item2>
        <PackageName Value="SynEdit"/>
        <MinVersion Major="1" Valid="True"/>
      </Item2>
      <Item3>
        <PackageName Value="HybridComponentPack"/>
        <MinVersion Valid="True"/>
      </Item3>
      <Item4>
        <PackageName Value="LCL"/>
      </Item4>
      <Item5>
        <PackageName Value="FCL"/>
        <MinVersion Major="1" Valid="True"/>
      </Item5>
    </RequiredPackages>
    <Units Count="130">
      <Unit0>
        <Filename Value="SJack.lpr"/>
        <IsPartOfProject Value="True"/>
        <UnitName Value="SJack"/>
        <EditorIndex Value="0"/>
        <WindowIndex Value="0"/>
        <TopLine Value="1"/>
        <CursorPos X="26" Y="31"/>
        <UsageCount Value="218"/>
        <Loaded Value="True"/>
        <LoadedDesigner Value="True"/>
      </Unit0>
      <Unit1>
        <Filename Value="simplejack.pas"/>
        <IsPartOfProject Value="True"/>
        <ComponentName Value="MainApp"/>
        <ResourceBaseClass Value="Form"/>
        <UnitName Value="simplejack"/>
        <EditorIndex Value="6"/>
        <WindowIndex Value="0"/>
        <TopLine Value="721"/>
        <CursorPos X="7" Y="725"/>
        <UsageCount Value="218"/>
        <Bookmarks Count="1">
          <Item0 X="1" Y="386" ID="5"/>
        </Bookmarks>
        <Loaded Value="True"/>
        <LoadedDesigner Value="True"/>
      </Unit1>
      <Unit2>
        <Filename Value="jack.pp"/>
        <UnitName Value="jack"/>
        <WindowIndex Value="0"/>
        <TopLine Value="1"/>
        <CursorPos X="20" Y="3"/>
        <UsageCount Value="187"/>
      </Unit2>
      <Unit3>
        <Filename Value="midiport.pp"/>
        <UnitName Value="midiport"/>
        <WindowIndex Value="0"/>
        <TopLine Value="1"/>
        <CursorPos X="44" Y="16"/>
        <UsageCount Value="187"/>
      </Unit3>
      <Unit4>
        <Filename Value="jacktypes.pp"/>
        <UnitName Value="jacktypes"/>
        <WindowIndex Value="0"/>
        <TopLine Value="572"/>
        <CursorPos X="66" Y="574"/>
        <UsageCount Value="172"/>
      </Unit4>
      <Unit5>
        <Filename Value="port.pp"/>
        <UnitName Value="port"/>
        <TopLine Value="125"/>
        <CursorPos X="1" Y="151"/>
        <UsageCount Value="172"/>
      </Unit5>
      <Unit6>
        <Filename Value="waveform.pas"/>
        <UnitName Value="waveform"/>
        <WindowIndex Value="0"/>
        <TopLine Value="763"/>
        <CursorPos X="1" Y="795"/>
        <UsageCount Value="174"/>
        <Bookmarks Count="1">
          <Item0 X="1" Y="857" ID="7"/>
        </Bookmarks>
      </Unit6>
      <Unit7>
        <Filename Value="urbjeqfilters.pas"/>
        <UnitName Value="uRbjEqFilters"/>
        <TopLine Value="1"/>
        <CursorPos X="1" Y="15"/>
        <UsageCount Value="238"/>
      </Unit7>
      <Unit8>
        <Filename Value="utils.pas"/>
        <UnitName Value="utils"/>
        <WindowIndex Value="0"/>
        <TopLine Value="76"/>
        <CursorPos X="1" Y="334"/>
        <UsageCount Value="202"/>
      </Unit8>
      <Unit9>
        <Filename Value="beattrigger.pas"/>
        <UnitName Value="beattrigger"/>
        <TopLine Value="102"/>
        <CursorPos X="1" Y="1"/>
        <UsageCount Value="181"/>
      </Unit9>
      <Unit10>
        <Filename Value="fx.pas"/>
        <UnitName Value="fx"/>
        <WindowIndex Value="0"/>
        <TopLine Value="319"/>
        <CursorPos X="54" Y="355"/>
        <UsageCount Value="169"/>
      </Unit10>
      <Unit11>
        <Filename Value="bpm.pas"/>
        <UnitName Value="bpm"/>
        <WindowIndex Value="0"/>
        <TopLine Value="375"/>
        <CursorPos X="74" Y="384"/>
        <UsageCount Value="179"/>
      </Unit11>
      <Unit12>
        <Filename Value="globalconst.pas"/>
        <UnitName Value="globalconst"/>
        <WindowIndex Value="0"/>
        <TopLine Value="158"/>
        <CursorPos X="34" Y="178"/>
        <UsageCount Value="169"/>
      </Unit12>
      <Unit13>
        <Filename Value="ladspa.pas"/>
        <UnitName Value="ladspa"/>
        <TopLine Value="1"/>
        <CursorPos X="1" Y="1"/>
        <UsageCount Value="178"/>
      </Unit13>
      <Unit14>
        <Filename Value="ladspaloader.pas"/>
        <UnitName Value="ladspaloader"/>
        <TopLine Value="1"/>
        <CursorPos X="1" Y="1"/>
        <UsageCount Value="178"/>
      </Unit14>
      <Unit15>
        <Filename Value="rubberband.pp"/>
        <UnitName Value="rubberband"/>
        <WindowIndex Value="0"/>
        <TopLine Value="86"/>
        <CursorPos X="91" Y="95"/>
        <UsageCount Value="191"/>
      </Unit15>
      <Unit16>
        <Filename Value="SoundTouchObject.pas"/>
        <UnitName Value="SoundTouchObject"/>
        <WindowIndex Value="0"/>
        <TopLine Value="457"/>
        <CursorPos X="26" Y="459"/>
        <UsageCount Value="170"/>
      </Unit16>
      <Unit17>
        <Filename Value="samplergui.pas"/>
        <ComponentName Value="SamplerGUI"/>
        <ResourceBaseClass Value="Frame"/>
        <UnitName Value="samplergui"/>
        <WindowIndex Value="0"/>
        <TopLine Value="61"/>
        <CursorPos X="15" Y="332"/>
        <UsageCount Value="169"/>
        <Bookmarks Count="1">
          <Item0 X="44" Y="231" ID="3"/>
        </Bookmarks>
      </Unit17>
      <Unit18>
        <Filename Value="flqueue.pas"/>
        <UnitName Value="flqueue"/>
        <WindowIndex Value="0"/>
        <TopLine Value="75"/>
        <CursorPos X="5" Y="75"/>
        <UsageCount Value="169"/>
      </Unit18>
      <Unit19>
        <Filename Value="../HybridComponentPack/dialcontrol.pas"/>
        <UnitName Value="dialcontrol"/>
        <WindowIndex Value="0"/>
        <TopLine Value="856"/>
        <CursorPos X="25" Y="886"/>
        <UsageCount Value="70"/>
      </Unit19>
      <Unit20>
        <Filename Value="global_command.pas"/>
        <UnitName Value="global_command"/>
        <WindowIndex Value="0"/>
        <TopLine Value="31"/>
        <CursorPos X="24" Y="45"/>
        <UsageCount Value="169"/>
      </Unit20>
      <Unit21>
        <Filename Value="plugin.pas"/>
        <UnitName Value="plugin"/>
        <WindowIndex Value="0"/>
        <TopLine Value="308"/>
        <CursorPos X="1" Y="311"/>
        <UsageCount Value="169"/>
      </Unit21>
      <Unit22>
        <Filename Value="trackgui.pas"/>
        <ComponentName Value="Track"/>
        <ResourceBaseClass Value="Frame"/>
        <UnitName Value="trackgui"/>
        <WindowIndex Value="0"/>
        <TopLine Value="405"/>
        <CursorPos X="18" Y="407"/>
        <UsageCount Value="171"/>
      </Unit22>
      <Unit23>
        <Filename Value="patterngui.pas"/>
        <ComponentName Value="Frame1"/>
        <ResourceBaseClass Value="Form"/>
        <UnitName Value="patterngui"/>
        <WindowIndex Value="0"/>
        <TopLine Value="1"/>
        <CursorPos X="40" Y="269"/>
        <UsageCount Value="170"/>
      </Unit23>
      <Unit24>
        <Filename Value="waveformgui.pas"/>
        <UnitName Value="waveformgui"/>
        <WindowIndex Value="0"/>
        <TopLine Value="631"/>
        <CursorPos X="47" Y="646"/>
        <UsageCount Value="172"/>
        <Bookmarks Count="1">
          <Item0 X="1" Y="948" ID="0"/>
        </Bookmarks>
      </Unit24>
      <Unit25>
        <Filename Value="midigui_old.pas"/>
        <UnitName Value="midigui_old"/>
        <WindowIndex Value="0"/>
        <TopLine Value="1"/>
        <CursorPos X="31" Y="932"/>
        <UsageCount Value="99"/>
      </Unit25>
      <Unit26>
        <Filename Value="midi.pas"/>
        <UnitName Value="midi"/>
        <WindowIndex Value="0"/>
        <TopLine Value="193"/>
        <CursorPos X="34" Y="211"/>
        <UsageCount Value="169"/>
      </Unit26>
      <Unit27>
        <Filename Value="global.pas"/>
        <UnitName Value="global"/>
        <WindowIndex Value="0"/>
        <TopLine Value="395"/>
        <CursorPos X="1" Y="452"/>
        <UsageCount Value="169"/>
      </Unit27>
      <Unit28>
        <Filename Value="track.pas"/>
        <UnitName Value="track"/>
        <WindowIndex Value="0"/>
        <TopLine Value="28"/>
        <CursorPos X="17" Y="33"/>
        <UsageCount Value="174"/>
      </Unit28>
      <Unit29>
        <Filename Value="pattern.pas"/>
        <UnitName Value="pattern"/>
        <WindowIndex Value="0"/>
        <TopLine Value="42"/>
        <CursorPos X="40" Y="58"/>
        <UsageCount Value="173"/>
      </Unit29>
      <Unit30>
        <Filename Value="audiostructure.pas"/>
        <UnitName Value="audiostructure"/>
        <WindowIndex Value="0"/>
        <TopLine Value="13"/>
        <CursorPos X="73" Y="29"/>
        <UsageCount Value="169"/>
      </Unit30>
      <Unit31>
        <Filename Value="sampler.pas"/>
        <UnitName Value="sampler"/>
        <WindowIndex Value="0"/>
        <TopLine Value="1374"/>
        <CursorPos X="27" Y="1140"/>
        <UsageCount Value="169"/>
      </Unit31>
      <Unit32>
        <Filename Value="mapmonitor.pas"/>
        <IsPartOfProject Value="True"/>
        <ComponentName Value="fmMappingMonitor"/>
        <ResourceBaseClass Value="Form"/>
        <UnitName Value="mapmonitor"/>
        <EditorIndex Value="26"/>
        <WindowIndex Value="0"/>
        <TopLine Value="1"/>
        <CursorPos X="77" Y="33"/>
        <UsageCount Value="201"/>
        <Loaded Value="True"/>
      </Unit32>
      <Unit33>
        <Filename Value="patterngui2.pas"/>
        <ComponentName Value="PatternControls"/>
        <ResourceBaseClass Value="Frame"/>
        <UnitName Value="patterngui2"/>
        <WindowIndex Value="0"/>
        <TopLine Value="1"/>
        <CursorPos X="33" Y="143"/>
        <UsageCount Value="169"/>
      </Unit33>
      <Unit34>
        <Filename Value="bankgui.pas"/>
        <ComponentName Value="BankView"/>
        <ResourceBaseClass Value="Frame"/>
        <UnitName Value="bankgui"/>
        <WindowIndex Value="0"/>
        <TopLine Value="421"/>
        <CursorPos X="16" Y="9"/>
        <UsageCount Value="169"/>
      </Unit34>
      <Unit35>
        <Filename Value="samplegui.pas"/>
        <ComponentName Value="SampleView"/>
        <ResourceBaseClass Value="Frame"/>
        <UnitName Value="samplegui"/>
        <WindowIndex Value="0"/>
        <TopLine Value="86"/>
        <CursorPos X="17" Y="93"/>
        <UsageCount Value="77"/>
        <Bookmarks Count="1">
          <Item0 X="3" Y="229" ID="6"/>
        </Bookmarks>
      </Unit35>
      <Unit36>
        <Filename Value="udmdatabaseobjects.pas"/>
        <ComponentName Value="dmDatabaseObjects"/>
        <ResourceBaseClass Value="DataModule"/>
        <UnitName Value="udmDatabaseObjects"/>
        <WindowIndex Value="0"/>
        <TopLine Value="13"/>
        <CursorPos X="67" Y="22"/>
        <UsageCount Value="156"/>
      </Unit36>
      <Unit37>
        <Filename Value="global_scriptactions.pas"/>
        <UnitName Value="global_scriptactions"/>
        <TopLine Value="1"/>
        <CursorPos X="51" Y="4"/>
        <UsageCount Value="239"/>
      </Unit37>
      <Unit38>
        <Filename Value="aboutgui.pas"/>
        <ComponentName Value="fmAbout"/>
        <ResourceBaseClass Value="Form"/>
        <UnitName Value="aboutgui"/>
        <TopLine Value="1"/>
        <CursorPos X="1" Y="1"/>
        <UsageCount Value="237"/>
      </Unit38>
      <Unit39>
        <Filename Value="multiband_wsola.pas"/>
        <UnitName Value="multiband_wsola"/>
        <WindowIndex Value="0"/>
        <TopLine Value="1"/>
        <CursorPos X="17" Y="5"/>
        <UsageCount Value="169"/>
      </Unit39>
      <Unit40>
        <Filename Value="pluginhostgui.pas"/>
        <ComponentName Value="PluginProcessorGUI"/>
        <ResourceBaseClass Value="Frame"/>
        <UnitName Value="pluginhostgui"/>
        <WindowIndex Value="0"/>
        <TopLine Value="339"/>
        <CursorPos X="5" Y="334"/>
        <UsageCount Value="170"/>
      </Unit40>
      <Unit41>
        <Filename Value="transport.pp"/>
        <UnitName Value="transport"/>
        <WindowIndex Value="0"/>
        <TopLine Value="140"/>
        <CursorPos X="43" Y="156"/>
        <UsageCount Value="70"/>
      </Unit41>
      <Unit42>
        <Filename Value="pluginhost.pas"/>
        <UnitName Value="pluginhost"/>
        <WindowIndex Value="0"/>
        <TopLine Value="505"/>
        <CursorPos X="19" Y="615"/>
        <UsageCount Value="169"/>
      </Unit42>
      <Unit43>
        <Filename Value="plugingui.pas"/>
        <UnitName Value="plugingui"/>
        <WindowIndex Value="0"/>
        <TopLine Value="48"/>
        <CursorPos X="3" Y="213"/>
        <UsageCount Value="169"/>
      </Unit43>
      <Unit44>
        <Filename Value="../../../lazarus/lcl/forms.pp"/>
        <UnitName Value="Forms"/>
        <WindowIndex Value="0"/>
        <TopLine Value="278"/>
        <CursorPos X="17" Y="294"/>
        <UsageCount Value="24"/>
      </Unit44>
      <Unit45>
        <Filename Value="midigui.pas"/>
        <ComponentName Value="MidiGridGUI"/>
        <ResourceBaseClass Value="Frame"/>
        <UnitName Value="midigui"/>
        <WindowIndex Value="0"/>
        <TopLine Value="758"/>
        <CursorPos X="1" Y="781"/>
        <UsageCount Value="169"/>
        <Bookmarks Count="1">
          <Item0 X="23" Y="509" ID="4"/>
        </Bookmarks>
      </Unit45>
      <Unit46>
        <Filename Value="/usr/share/fpcsrc/2.4.0/rtl/objpas/classes/classesh.inc"/>
        <WindowIndex Value="0"/>
        <TopLine Value="1402"/>
        <CursorPos X="3" Y="1431"/>
        <UsageCount Value="35"/>
      </Unit46>
      <Unit47>
        <Filename Value="/usr/share/fpcsrc/2.4.0/rtl/objpas/classes/persist.inc"/>
        <WindowIndex Value="0"/>
        <TopLine Value="103"/>
        <CursorPos X="3" Y="105"/>
        <UsageCount Value="19"/>
      </Unit47>
      <Unit48>
        <Filename Value="../../../lazarus/lcl/controls.pp"/>
        <UnitName Value="Controls"/>
        <WindowIndex Value="0"/>
        <TopLine Value="1183"/>
        <CursorPos X="15" Y="1200"/>
        <UsageCount Value="0"/>
      </Unit48>
      <Unit49>
        <Filename Value="appcolors.pas"/>
        <UnitName Value="appcolors"/>
        <WindowIndex Value="0"/>
        <TopLine Value="1"/>
        <CursorPos X="36" Y="11"/>
        <UsageCount Value="171"/>
      </Unit49>
      <Unit50>
        <Filename Value="samplestreamprovider.pas"/>
        <UnitName Value="samplestreamprovider"/>
        <WindowIndex Value="0"/>
        <TopLine Value="56"/>
        <CursorPos X="29" Y="11"/>
        <UsageCount Value="170"/>
      </Unit50>
      <Unit51>
        <Filename Value="sndfile.pas"/>
        <UnitName Value="sndfile"/>
        <WindowIndex Value="0"/>
        <TopLine Value="422"/>
        <CursorPos X="12" Y="437"/>
        <UsageCount Value="44"/>
      </Unit51>
      <Unit52>
        <Filename Value="jackthread.pp"/>
        <UnitName Value="jackthread"/>
        <WindowIndex Value="0"/>
        <TopLine Value="1"/>
        <CursorPos X="1" Y="1"/>
        <UsageCount Value="38"/>
      </Unit52>
      <Unit53>
        <Filename Value="ringbuffer.pp"/>
        <UnitName Value="ringbuffer"/>
        <WindowIndex Value="0"/>
        <TopLine Value="1"/>
        <CursorPos X="1" Y="1"/>
        <UsageCount Value="145"/>
      </Unit53>
      <Unit54>
        <Filename Value="../../../sources/libsndfile/sfplay.pp"/>
        <UnitName Value="sfplay"/>
        <WindowIndex Value="0"/>
        <TopLine Value="226"/>
        <CursorPos X="17" Y="235"/>
        <UsageCount Value="42"/>
      </Unit54>
      <Unit55>
        <Filename Value="../../../lazarus/packager/registration/lazaruspackageintf.pas"/>
        <UnitName Value="LazarusPackageIntf"/>
        <WindowIndex Value="0"/>
        <TopLine Value="1"/>
        <CursorPos X="19" Y="21"/>
        <UsageCount Value="1"/>
      </Unit55>
      <Unit56>
        <Filename Value="/usr/share/fpcsrc/2.4.0/packages/lua/src/lua.pas"/>
        <UnitName Value="lua"/>
        <WindowIndex Value="0"/>
        <TopLine Value="1"/>
        <CursorPos X="1" Y="1"/>
        <UsageCount Value="32"/>
      </Unit56>
      <Unit57>
        <Filename Value="samplerengine.pas"/>
        <UnitName Value="samplerengine"/>
        <WindowIndex Value="0"/>
        <TopLine Value="336"/>
        <CursorPos X="1" Y="366"/>
        <UsageCount Value="3"/>
        <Bookmarks Count="2">
          <Item0 X="1" Y="275" ID="2"/>
          <Item1 X="1" Y="43" ID="1"/>
        </Bookmarks>
      </Unit57>
      <Unit58>
        <Filename Value="core/waveform.pas"/>
        <IsPartOfProject Value="True"/>
        <UnitName Value="waveform"/>
        <EditorIndex Value="2"/>
        <WindowIndex Value="0"/>
        <TopLine Value="335"/>
        <CursorPos X="3" Y="337"/>
        <UsageCount Value="212"/>
        <Loaded Value="True"/>
      </Unit58>
      <Unit59>
        <Filename Value="bindings/rubberband.pp"/>
        <UnitName Value="rubberband"/>
        <WindowIndex Value="0"/>
        <TopLine Value="1"/>
        <CursorPos X="1" Y="22"/>
        <UsageCount Value="204"/>
      </Unit59>
      <Unit60>
        <Filename Value="bindings/jack.pp"/>
        <UnitName Value="jack"/>
        <WindowIndex Value="0"/>
        <TopLine Value="1"/>
        <CursorPos X="1" Y="1"/>
        <UsageCount Value="204"/>
      </Unit60>
      <Unit61>
        <Filename Value="bindings/jacktypes.pp"/>
        <UnitName Value="jacktypes"/>
        <UsageCount Value="204"/>
      </Unit61>
      <Unit62>
        <Filename Value="bindings/sndfile.pas"/>
        <UnitName Value="sndfile"/>
        <WindowIndex Value="0"/>
        <TopLine Value="1"/>
        <CursorPos X="1" Y="1"/>
        <UsageCount Value="204"/>
      </Unit62>
      <Unit63>
        <Filename Value="bindings/SoundTouchObject.pas"/>
        <UnitName Value="SoundTouchObject"/>
        <WindowIndex Value="0"/>
        <TopLine Value="1"/>
        <CursorPos X="29" Y="190"/>
        <UsageCount Value="204"/>
      </Unit63>
      <Unit64>
        <Filename Value="common/appcolors.pas"/>
        <IsPartOfProject Value="True"/>
        <UnitName Value="appcolors"/>
        <EditorIndex Value="1"/>
        <WindowIndex Value="0"/>
        <TopLine Value="1"/>
        <CursorPos X="12" Y="18"/>
        <UsageCount Value="212"/>
        <Loaded Value="True"/>
      </Unit64>
      <Unit65>
        <Filename Value="common/flqueue.pas"/>
        <IsPartOfProject Value="True"/>
        <UnitName Value="flqueue"/>
        <WindowIndex Value="0"/>
        <TopLine Value="83"/>
        <CursorPos X="11" Y="86"/>
        <UsageCount Value="212"/>
      </Unit65>
      <Unit66>
        <Filename Value="common/urbjeqfilters.pas"/>
        <IsPartOfProject Value="True"/>
        <UnitName Value="uRbjEqFilters"/>
        <WindowIndex Value="0"/>
        <TopLine Value="1"/>
        <CursorPos X="1" Y="1"/>
        <UsageCount Value="212"/>
      </Unit66>
      <Unit67>
        <Filename Value="common/utils.pas"/>
        <IsPartOfProject Value="True"/>
        <UnitName Value="utils"/>
        <EditorIndex Value="14"/>
        <WindowIndex Value="0"/>
        <TopLine Value="490"/>
        <CursorPos X="38" Y="525"/>
        <UsageCount Value="212"/>
        <Bookmarks Count="2">
          <Item0 X="33" Y="92" ID="1"/>
          <Item1 X="18" Y="93" ID="2"/>
        </Bookmarks>
        <Loaded Value="True"/>
      </Unit67>
      <Unit68>
        <Filename Value="core/audiostructure.pas"/>
        <IsPartOfProject Value="True"/>
        <UnitName Value="audiostructure"/>
        <EditorIndex Value="15"/>
        <WindowIndex Value="0"/>
        <TopLine Value="254"/>
        <CursorPos X="27" Y="270"/>
        <UsageCount Value="212"/>
        <Loaded Value="True"/>
      </Unit68>
      <Unit69>
        <Filename Value="core/beattrigger.pas"/>
        <IsPartOfProject Value="True"/>
        <UnitName Value="beattrigger"/>
        <WindowIndex Value="0"/>
        <TopLine Value="1"/>
        <CursorPos X="1" Y="20"/>
        <UsageCount Value="212"/>
      </Unit69>
      <Unit70>
        <Filename Value="core/bpm.pas"/>
        <IsPartOfProject Value="True"/>
        <UnitName Value="bpm"/>
        <EditorIndex Value="16"/>
        <WindowIndex Value="0"/>
        <TopLine Value="804"/>
        <CursorPos X="3" Y="809"/>
        <UsageCount Value="212"/>
        <Loaded Value="True"/>
      </Unit70>
      <Unit71>
        <Filename Value="core/global.pas"/>
        <IsPartOfProject Value="True"/>
        <UnitName Value="global"/>
        <EditorIndex Value="11"/>
        <WindowIndex Value="0"/>
        <TopLine Value="29"/>
        <CursorPos X="3" Y="44"/>
        <UsageCount Value="212"/>
        <Loaded Value="True"/>
      </Unit71>
      <Unit72>
        <Filename Value="core/global_command.pas"/>
        <IsPartOfProject Value="True"/>
        <UnitName Value="global_command"/>
        <EditorIndex Value="12"/>
        <WindowIndex Value="0"/>
        <TopLine Value="87"/>
        <CursorPos X="1" Y="121"/>
        <UsageCount Value="212"/>
        <Loaded Value="True"/>
      </Unit72>
      <Unit73>
        <Filename Value="core/globalconst.pas"/>
        <IsPartOfProject Value="True"/>
        <UnitName Value="globalconst"/>
        <EditorIndex Value="13"/>
        <WindowIndex Value="0"/>
        <TopLine Value="69"/>
        <CursorPos X="28" Y="114"/>
        <UsageCount Value="212"/>
        <Loaded Value="True"/>
      </Unit73>
      <Unit74>
        <Filename Value="core/global_scriptactions.pas"/>
        <IsPartOfProject Value="True"/>
        <UnitName Value="global_scriptactions"/>
        <WindowIndex Value="0"/>
        <TopLine Value="1"/>
        <CursorPos X="1" Y="1"/>
        <UsageCount Value="212"/>
      </Unit74>
      <Unit75>
        <Filename Value="core/ladspa.pas"/>
        <IsPartOfProject Value="True"/>
        <UnitName Value="ladspa"/>
        <WindowIndex Value="0"/>
        <TopLine Value="1"/>
        <CursorPos X="1" Y="1"/>
        <UsageCount Value="212"/>
      </Unit75>
      <Unit76>
        <Filename Value="core/midi.pas"/>
        <IsPartOfProject Value="True"/>
        <UnitName Value="midi"/>
        <EditorIndex Value="30"/>
        <WindowIndex Value="0"/>
        <TopLine Value="195"/>
        <CursorPos X="29" Y="210"/>
        <UsageCount Value="212"/>
        <Loaded Value="True"/>
      </Unit76>
      <Unit77>
        <Filename Value="core/multiband_wsola.pas"/>
        <IsPartOfProject Value="True"/>
        <UnitName Value="multiband_wsola"/>
        <EditorIndex Value="5"/>
        <WindowIndex Value="0"/>
        <TopLine Value="1"/>
        <CursorPos X="88" Y="3"/>
        <UsageCount Value="212"/>
        <Loaded Value="True"/>
      </Unit77>
      <Unit78>
        <Filename Value="core/pattern.pas"/>
        <IsPartOfProject Value="True"/>
        <UnitName Value="pattern"/>
        <EditorIndex Value="27"/>
        <WindowIndex Value="0"/>
        <TopLine Value="265"/>
        <CursorPos X="16" Y="271"/>
        <UsageCount Value="212"/>
        <Loaded Value="True"/>
      </Unit78>
      <Unit79>
        <Filename Value="core/plugin.pas"/>
        <IsPartOfProject Value="True"/>
        <UnitName Value="plugin"/>
        <EditorIndex Value="28"/>
        <WindowIndex Value="0"/>
        <TopLine Value="1"/>
        <CursorPos X="1" Y="1"/>
        <UsageCount Value="212"/>
        <Loaded Value="True"/>
      </Unit79>
      <Unit80>
        <Filename Value="core/pluginhost.pas"/>
        <IsPartOfProject Value="True"/>
        <UnitName Value="pluginhost"/>
        <EditorIndex Value="29"/>
        <WindowIndex Value="0"/>
        <TopLine Value="1"/>
        <CursorPos X="13" Y="18"/>
        <UsageCount Value="212"/>
        <Loaded Value="True"/>
      </Unit80>
      <Unit81>
        <Filename Value="core/sampler.pas"/>
        <IsPartOfProject Value="True"/>
        <UnitName Value="sampler"/>
        <EditorIndex Value="8"/>
        <WindowIndex Value="0"/>
        <TopLine Value="588"/>
        <CursorPos X="37" Y="602"/>
        <UsageCount Value="212"/>
        <Bookmarks Count="1">
          <Item0 X="7" Y="1300" ID="3"/>
        </Bookmarks>
        <Loaded Value="True"/>
      </Unit81>
      <Unit82>
        <Filename Value="core/samplestreamprovider.pas"/>
        <IsPartOfProject Value="True"/>
        <UnitName Value="samplestreamprovider"/>
        <IsVisibleTab Value="True"/>
        <EditorIndex Value="18"/>
        <WindowIndex Value="0"/>
        <TopLine Value="62"/>
        <CursorPos X="36" Y="77"/>
        <UsageCount Value="212"/>
        <Loaded Value="True"/>
      </Unit82>
      <Unit83>
        <Filename Value="core/track.pas"/>
        <IsPartOfProject Value="True"/>
        <UnitName Value="track"/>
        <EditorIndex Value="9"/>
        <WindowIndex Value="0"/>
        <TopLine Value="72"/>
        <CursorPos X="39" Y="87"/>
        <UsageCount Value="212"/>
        <Loaded Value="True"/>
      </Unit83>
      <Unit84>
        <Filename Value="gui/aboutgui.pas"/>
        <IsPartOfProject Value="True"/>
        <HasResources Value="True"/>
        <UnitName Value="aboutgui"/>
        <WindowIndex Value="0"/>
        <TopLine Value="1"/>
        <CursorPos X="1" Y="1"/>
        <UsageCount Value="212"/>
      </Unit84>
      <Unit85>
        <Filename Value="gui/bankgui.pas"/>
        <IsPartOfProject Value="True"/>
        <HasResources Value="True"/>
        <UnitName Value="bankgui"/>
        <EditorIndex Value="3"/>
        <WindowIndex Value="0"/>
        <TopLine Value="1"/>
        <CursorPos X="1" Y="1"/>
        <UsageCount Value="212"/>
        <Loaded Value="True"/>
      </Unit85>
      <Unit86>
        <Filename Value="gui/midigui.pas"/>
        <IsPartOfProject Value="True"/>
        <HasResources Value="True"/>
        <UnitName Value="midigui"/>
        <EditorIndex Value="4"/>
        <WindowIndex Value="0"/>
        <TopLine Value="706"/>
        <CursorPos X="1" Y="719"/>
        <UsageCount Value="212"/>
        <Loaded Value="True"/>
      </Unit86>
      <Unit87>
        <Filename Value="gui/patterngui.pas"/>
        <IsPartOfProject Value="True"/>
        <ComponentName Value="Frame1"/>
        <HasResources Value="True"/>
        <ResourceBaseClass Value="Form"/>
        <UnitName Value="patterngui"/>
        <EditorIndex Value="20"/>
        <WindowIndex Value="0"/>
        <TopLine Value="387"/>
        <CursorPos X="1" Y="97"/>
        <UsageCount Value="212"/>
        <Loaded Value="True"/>
      </Unit87>
      <Unit88>
        <Filename Value="gui/patterngui2.pas"/>
        <IsPartOfProject Value="True"/>
        <ComponentName Value="PatternControls"/>
        <HasResources Value="True"/>
        <ResourceBaseClass Value="Frame"/>
        <UnitName Value="patterngui2"/>
        <EditorIndex Value="17"/>
        <WindowIndex Value="0"/>
        <TopLine Value="54"/>
        <CursorPos X="1" Y="88"/>
        <UsageCount Value="212"/>
        <Loaded Value="True"/>
        <LoadedDesigner Value="True"/>
      </Unit88>
      <Unit89>
        <Filename Value="gui/plugingui.pas"/>
        <IsPartOfProject Value="True"/>
        <UnitName Value="plugingui"/>
        <EditorIndex Value="19"/>
        <WindowIndex Value="0"/>
        <TopLine Value="1"/>
        <CursorPos X="12" Y="18"/>
        <UsageCount Value="212"/>
        <Loaded Value="True"/>
      </Unit89>
      <Unit90>
        <Filename Value="gui/pluginhostgui.pas"/>
        <IsPartOfProject Value="True"/>
        <HasResources Value="True"/>
        <UnitName Value="pluginhostgui"/>
        <EditorIndex Value="21"/>
        <WindowIndex Value="0"/>
        <TopLine Value="1"/>
        <CursorPos X="16" Y="18"/>
        <UsageCount Value="212"/>
        <Loaded Value="True"/>
      </Unit90>
      <Unit91>
        <Filename Value="gui/samplegui.pas"/>
        <IsPartOfProject Value="True"/>
        <ComponentName Value="SampleView"/>
        <HasResources Value="True"/>
        <ResourceBaseClass Value="Frame"/>
        <UnitName Value="samplegui"/>
        <EditorIndex Value="22"/>
        <WindowIndex Value="0"/>
        <TopLine Value="200"/>
        <CursorPos X="5" Y="216"/>
        <UsageCount Value="212"/>
        <Loaded Value="True"/>
        <LoadedDesigner Value="True"/>
      </Unit91>
      <Unit92>
        <Filename Value="gui/samplergui.pas"/>
        <IsPartOfProject Value="True"/>
        <ComponentName Value="SamplerGUI"/>
        <HasResources Value="True"/>
        <ResourceBaseClass Value="Frame"/>
        <UnitName Value="samplergui"/>
        <EditorIndex Value="23"/>
        <WindowIndex Value="0"/>
        <TopLine Value="1"/>
        <CursorPos X="1" Y="1"/>
        <UsageCount Value="212"/>
        <Loaded Value="True"/>
        <LoadedDesigner Value="True"/>
      </Unit92>
      <Unit93>
        <Filename Value="gui/trackgui.pas"/>
        <IsPartOfProject Value="True"/>
        <ComponentName Value="Track"/>
        <HasResources Value="True"/>
        <ResourceBaseClass Value="Frame"/>
        <UnitName Value="trackgui"/>
        <EditorIndex Value="24"/>
        <WindowIndex Value="0"/>
        <TopLine Value="28"/>
        <CursorPos X="23" Y="44"/>
        <UsageCount Value="212"/>
        <Loaded Value="True"/>
        <LoadedDesigner Value="True"/>
      </Unit93>
      <Unit94>
        <Filename Value="gui/waveformgui.pas"/>
        <IsPartOfProject Value="True"/>
        <UnitName Value="waveformgui"/>
        <EditorIndex Value="25"/>
        <WindowIndex Value="0"/>
        <TopLine Value="1"/>
        <CursorPos X="44" Y="416"/>
        <UsageCount Value="212"/>
        <Loaded Value="True"/>
      </Unit94>
      <Unit95>
        <Filename Value="common/fx.pas"/>
        <IsPartOfProject Value="True"/>
        <UnitName Value="fx"/>
        <WindowIndex Value="0"/>
        <TopLine Value="1"/>
        <CursorPos X="1" Y="18"/>
        <UsageCount Value="211"/>
      </Unit95>
      <Unit96>
        <Filename Value="../../../lazarus/examples/notebku.pp"/>
        <UnitName Value="notebku"/>
        <WindowIndex Value="0"/>
        <TopLine Value="61"/>
        <CursorPos X="19" Y="87"/>
        <UsageCount Value="3"/>
      </Unit96>
      <Unit97>
        <Filename Value="core/timestretch.pas"/>
        <UnitName Value="timestretch"/>
        <WindowIndex Value="0"/>
        <TopLine Value="627"/>
        <CursorPos X="13" Y="348"/>
        <UsageCount Value="3"/>
      </Unit97>
      <Unit98>
        <Filename Value="gui/optionsgui.pas"/>
        <IsPartOfProject Value="True"/>
        <ComponentName Value="fmOptions"/>
        <ResourceBaseClass Value="Form"/>
        <UnitName Value="optionsgui"/>
        <WindowIndex Value="0"/>
        <TopLine Value="56"/>
        <CursorPos X="1" Y="93"/>
        <UsageCount Value="157"/>
      </Unit98>
      <Unit99>
        <Filename Value="../sources/HybridComponentPack/dialcontrol.pas"/>
        <UnitName Value="dialcontrol"/>
        <EditorIndex Value="7"/>
        <WindowIndex Value="0"/>
        <TopLine Value="943"/>
        <CursorPos X="1" Y="956"/>
        <UsageCount Value="58"/>
        <Loaded Value="True"/>
      </Unit99>
      <Unit100>
        <Filename Value="../../lazarus/lcl/controls.pp"/>
        <UnitName Value="Controls"/>
        <WindowIndex Value="0"/>
        <TopLine Value="1951"/>
        <CursorPos X="1" Y="1980"/>
        <UsageCount Value="1"/>
      </Unit100>
      <Unit101>
        <Filename Value="../../lazarus/components/pascalscript/Source/uPSComponent.pas"/>
        <UnitName Value="uPSComponent"/>
        <WindowIndex Value="0"/>
        <TopLine Value="79"/>
        <CursorPos X="3" Y="103"/>
        <UsageCount Value="1"/>
        <DefaultSyntaxHighlighter Value="Delphi"/>
      </Unit101>
      <Unit102>
        <Filename Value="bindings/libjack/jack.pp"/>
        <IsPartOfProject Value="True"/>
        <UsageCount Value="94"/>
      </Unit102>
      <Unit103>
        <Filename Value="bindings/libjack/jacktypes.pp"/>
        <IsPartOfProject Value="True"/>
        <UnitName Value="jacktypes"/>
        <EditorIndex Value="10"/>
        <WindowIndex Value="0"/>
        <TopLine Value="193"/>
        <CursorPos X="6" Y="208"/>
        <UsageCount Value="94"/>
        <Loaded Value="True"/>
      </Unit103>
      <Unit104>
        <Filename Value="bindings/libjack/midiport.pp"/>
        <IsPartOfProject Value="True"/>
        <UsageCount Value="94"/>
      </Unit104>
      <Unit105>
        <Filename Value="bindings/libjack/ringbuffer.pp"/>
        <IsPartOfProject Value="True"/>
        <UsageCount Value="94"/>
      </Unit105>
      <Unit106>
        <Filename Value="bindings/libsndfile/sndfile.pas"/>
        <IsPartOfProject Value="True"/>
        <UsageCount Value="94"/>
      </Unit106>
      <Unit107>
        <Filename Value="bindings/libsoundtouch/SoundTouchObject.pas"/>
        <IsPartOfProject Value="True"/>
        <UsageCount Value="94"/>
      </Unit107>
      <Unit108>
        <Filename Value="bindings/librubberband/rubberband.pp"/>
        <IsPartOfProject Value="True"/>
        <UnitName Value="rubberband"/>
        <WindowIndex Value="0"/>
        <TopLine Value="16"/>
        <CursorPos X="13" Y="16"/>
        <UsageCount Value="94"/>
      </Unit108>
      <Unit109>
        <Filename Value="bindings/slv2/world.pp"/>
        <UsageCount Value="12"/>
      </Unit109>
      <Unit110>
        <Filename Value="bindings/slv2/slv2plugin.pp"/>
        <UnitName Value="slv2plugin"/>
        <WindowIndex Value="0"/>
        <TopLine Value="20"/>
        <CursorPos X="1" Y="136"/>
        <UsageCount Value="17"/>
      </Unit110>
      <Unit111>
        <Filename Value="bindings/slv2/slv2plugininstance.pp"/>
        <UnitName Value="slv2plugininstance"/>
        <WindowIndex Value="0"/>
        <TopLine Value="1"/>
        <CursorPos X="10" Y="2"/>
        <UsageCount Value="17"/>
      </Unit111>
      <Unit112>
        <Filename Value="bindings/slv2/slv2world.pp"/>
        <UnitName Value="slv2world"/>
        <WindowIndex Value="0"/>
        <TopLine Value="1"/>
        <CursorPos X="1" Y="6"/>
        <UsageCount Value="17"/>
      </Unit112>
      <Unit113>
        <Filename Value="bindings/slv2/slv2plugins.pp"/>
        <UnitName Value="slv2plugins"/>
        <WindowIndex Value="0"/>
        <TopLine Value="1"/>
        <CursorPos X="1" Y="3"/>
        <UsageCount Value="4"/>
      </Unit113>
      <Unit114>
        <Filename Value="bindings/slv2/slv2types.pp"/>
        <UnitName Value="slv2types"/>
        <WindowIndex Value="0"/>
        <TopLine Value="38"/>
        <CursorPos X="23" Y="79"/>
        <UsageCount Value="4"/>
      </Unit114>
      <Unit115>
        <Filename Value="bindings/slv2/slv2.pp"/>
        <UnitName Value="slv2"/>
        <WindowIndex Value="0"/>
        <TopLine Value="1"/>
        <CursorPos X="1" Y="20"/>
        <UsageCount Value="14"/>
      </Unit115>
      <Unit116>
        <Filename Value="bindings/slv2/slv2port.pp"/>
        <UnitName Value="slv2port"/>
        <WindowIndex Value="0"/>
        <TopLine Value="1"/>
        <CursorPos X="27" Y="6"/>
        <UsageCount Value="3"/>
      </Unit116>
      <Unit117>
        <Filename Value="bindings/slv2/slv2values.pp"/>
        <UnitName Value="slv2values"/>
        <WindowIndex Value="0"/>
        <TopLine Value="1"/>
        <CursorPos X="1" Y="7"/>
        <UsageCount Value="3"/>
      </Unit117>
      <Unit118>
        <Filename Value="bindings/slv2/slv2value.pp"/>
        <UnitName Value="slv2value"/>
        <WindowIndex Value="0"/>
        <TopLine Value="1"/>
        <CursorPos X="7" Y="1"/>
        <UsageCount Value="3"/>
      </Unit118>
      <Unit119>
        <Filename Value="bindings/slv2/uslv2.pp"/>
        <UnitName Value="uslv2"/>
        <WindowIndex Value="0"/>
        <TopLine Value="1"/>
        <CursorPos X="43" Y="28"/>
        <UsageCount Value="12"/>
      </Unit119>
      <Unit120>
        <Filename Value="bindings/slv2/uslv2types.pp"/>
        <UnitName Value="uslv2types"/>
        <WindowIndex Value="0"/>
        <TopLine Value="1"/>
        <CursorPos X="12" Y="6"/>
        <UsageCount Value="12"/>
      </Unit120>
      <Unit121>
        <Filename Value="bindings/slv2/uslv2world.pp"/>
        <UnitName Value="uslv2world"/>
        <WindowIndex Value="0"/>
        <TopLine Value="153"/>
        <CursorPos X="1" Y="182"/>
        <UsageCount Value="12"/>
        <Bookmarks Count="1">
          <Item0 X="70" Y="150" ID="2"/>
        </Bookmarks>
      </Unit121>
      <Unit122>
        <Filename Value="bindings/slv2/uslv2plugins.pp"/>
        <UnitName Value="uslv2plugins"/>
        <WindowIndex Value="0"/>
        <TopLine Value="1"/>
        <CursorPos X="6" Y="6"/>
        <UsageCount Value="12"/>
      </Unit122>
      <Unit123>
        <Filename Value="bindings/slv2/uslv2plugin.pp"/>
        <UnitName Value="uslv2plugin"/>
        <WindowIndex Value="0"/>
        <TopLine Value="74"/>
        <CursorPos X="30" Y="187"/>
        <UsageCount Value="12"/>
      </Unit123>
      <Unit124>
        <Filename Value="bindings/slv2/uslv2port.pp"/>
        <UnitName Value="uslv2port"/>
        <WindowIndex Value="0"/>
        <TopLine Value="81"/>
        <CursorPos X="1" Y="110"/>
        <UsageCount Value="12"/>
      </Unit124>
      <Unit125>
        <Filename Value="bindings/slv2/uslv2values.pp"/>
        <UnitName Value="uslv2values"/>
        <WindowIndex Value="0"/>
        <TopLine Value="1"/>
        <CursorPos X="1" Y="1"/>
        <UsageCount Value="12"/>
      </Unit125>
      <Unit126>
        <Filename Value="bindings/slv2/uslv2value.pp"/>
        <UnitName Value="uslv2value"/>
        <WindowIndex Value="0"/>
        <TopLine Value="122"/>
        <CursorPos X="1" Y="151"/>
        <UsageCount Value="12"/>
      </Unit126>
      <Unit127>
        <Filename Value="bindings/slv2/uslv2pluginclasses.pp"/>
        <UnitName Value="uslv2pluginclasses"/>
        <WindowIndex Value="0"/>
        <TopLine Value="1"/>
        <CursorPos X="21" Y="6"/>
        <UsageCount Value="12"/>
      </Unit127>
      <Unit128>
        <Filename Value="bindings/slv2/uslv2pluginclass.pp"/>
        <UnitName Value="uslv2pluginclass"/>
        <WindowIndex Value="0"/>
        <TopLine Value="31"/>
        <CursorPos X="1" Y="72"/>
        <UsageCount Value="12"/>
      </Unit128>
      <Unit129>
        <Filename Value="bindings/slv2/uslv2plugininstance.pp"/>
        <UnitName Value="uslv2plugininstance"/>
        <WindowIndex Value="0"/>
        <TopLine Value="1"/>
        <CursorPos X="27" Y="6"/>
        <UsageCount Value="11"/>
      </Unit129>
    </Units>
    <JumpHistory Count="30" HistoryIndex="29">
      <Position1>
        <Filename Value="core/global_command.pas"/>
        <Caret Line="129" Column="41" TopLine="106"/>
      </Position1>
      <Position2>
        <Filename Value="core/global_command.pas"/>
        <Caret Line="131" Column="40" TopLine="115"/>
      </Position2>
      <Position3>
        <Filename Value="core/global_command.pas"/>
        <Caret Line="118" Column="1" TopLine="115"/>
      </Position3>
      <Position4>
        <Filename Value="simplejack.pas"/>
        <Caret Line="686" Column="56" TopLine="669"/>
      </Position4>
      <Position5>
        <Filename Value="core/sampler.pas"/>
        <Caret Line="1305" Column="17" TopLine="1292"/>
      </Position5>
      <Position6>
        <Filename Value="simplejack.pas"/>
        <Caret Line="661" Column="109" TopLine="634"/>
      </Position6>
      <Position7>
        <Filename Value="simplejack.pas"/>
        <Caret Line="659" Column="37" TopLine="644"/>
      </Position7>
      <Position8>
        <Filename Value="simplejack.pas"/>
        <Caret Line="593" Column="57" TopLine="578"/>
      </Position8>
      <Position9>
        <Filename Value="simplejack.pas"/>
        <Caret Line="596" Column="57" TopLine="572"/>
      </Position9>
      <Position10>
        <Filename Value="simplejack.pas"/>
        <Caret Line="687" Column="59" TopLine="677"/>
      </Position10>
      <Position11>
        <Filename Value="simplejack.pas"/>
        <Caret Line="689" Column="54" TopLine="677"/>
      </Position11>
      <Position12>
        <Filename Value="core/global_command.pas"/>
        <Caret Line="193" Column="18" TopLine="181"/>
      </Position12>
      <Position13>
        <Filename Value="common/utils.pas"/>
        <Caret Line="93" Column="40" TopLine="77"/>
      </Position13>
      <Position14>
        <Filename Value="common/utils.pas"/>
        <Caret Line="504" Column="28" TopLine="486"/>
      </Position14>
      <Position15>
        <Filename Value="core/sampler.pas"/>
        <Caret Line="1286" Column="25" TopLine="1251"/>
      </Position15>
      <Position16>
        <Filename Value="core/waveform.pas"/>
        <Caret Line="90" Column="16" TopLine="67"/>
      </Position16>
      <Position17>
        <Filename Value="common/utils.pas"/>
        <Caret Line="476" Column="26" TopLine="459"/>
      </Position17>
      <Position18>
        <Filename Value="core/sampler.pas"/>
        <Caret Line="1295" Column="18" TopLine="1251"/>
      </Position18>
      <Position19>
        <Filename Value="simplejack.pas"/>
        <Caret Line="736" Column="1" TopLine="703"/>
      </Position19>
      <Position20>
        <Filename Value="core/global_command.pas"/>
        <Caret Line="208" Column="38" TopLine="181"/>
      </Position20>
      <Position21>
        <Filename Value="core/global_command.pas"/>
        <Caret Line="193" Column="14" TopLine="181"/>
      </Position21>
      <Position22>
        <Filename Value="core/global_command.pas"/>
        <Caret Line="130" Column="27" TopLine="106"/>
      </Position22>
      <Position23>
        <Filename Value="common/utils.pas"/>
        <Caret Line="93" Column="18" TopLine="77"/>
      </Position23>
      <Position24>
        <Filename Value="common/utils.pas"/>
        <Caret Line="468" Column="1" TopLine="455"/>
      </Position24>
      <Position25>
        <Filename Value="common/utils.pas"/>
        <Caret Line="93" Column="19" TopLine="71"/>
      </Position25>
      <Position26>
        <Filename Value="core/sampler.pas"/>
        <Caret Line="1274" Column="13" TopLine="1249"/>
      </Position26>
      <Position27>
        <Filename Value="core/sampler.pas"/>
        <Caret Line="1298" Column="17" TopLine="1279"/>
      </Position27>
      <Position28>
        <Filename Value="core/pattern.pas"/>
        <Caret Line="81" Column="28" TopLine="66"/>
      </Position28>
      <Position29>
        <Filename Value="core/pattern.pas"/>
        <Caret Line="271" Column="16" TopLine="265"/>
      </Position29>
      <Position30>
        <Filename Value="core/sampler.pas"/>
        <Caret Line="602" Column="37" TopLine="588"/>
      </Position30>
    </JumpHistory>
  </ProjectOptions>
  <CompilerOptions>
    <Version Value="10"/>
    <SearchPaths>
      <OtherUnitFiles Value="$(LazarusDir)/lcl/units/$(TargetCPU)-$(TargetOS);$(LazarusDir)/units/i386-linux;$(LazarusDir)/components/codetools/units/$(TargetCPU)-$(TargetOS);bindings;common;core;gui;bindings/libjack;bindings/libsndfile;bindings/libsoundtouch;bindings/librubberband;bindings/slv2"/>
      <UnitOutputDirectory Value="bin"/>
    </SearchPaths>
    <CodeGeneration>
      <SmartLinkUnit Value="True"/>
      <TargetProcessor Value="pentium4"/>
      <TargetCPU Value="i386"/>
      <TargetOS Value="linux"/>
      <Optimizations>
        <VariablesInRegisters Value="True"/>
        <UncertainOptimizations Value="True"/>
        <OptimizationLevel Value="3"/>
      </Optimizations>
    </CodeGeneration>
    <Linking>
      <Debugging>
        <GenerateDebugInfo Value="True"/>
        <GenerateDwarf Value="True"/>
      </Debugging>
      <LinkSmart Value="True"/>
    </Linking>
    <Other>
      <Verbosity>
        <ShowHints Value="False"/>
      </Verbosity>
      <WriteFPCLogo Value="False"/>
      <CompilerMessages>
        <UseMsgFile Value="True"/>
      </CompilerMessages>
      <CustomOptions Value="-dUseCThreads"/>
      <CompilerPath Value="$(CompPath)"/>
    </Other>
  </CompilerOptions>
  <Debugging>
    <BreakPoints Count="4">
      <Item1>
        <Source Value="hardware.pp"/>
        <Line Value="10"/>
      </Item1>
      <Item2>
        <Source Value="../../../lazarus/lcl/include/customframe.inc"/>
        <Line Value="163"/>
      </Item2>
      <Item3>
        <Source Value="../../../sources/fpc/fpc/rtl/objpas/classes/classes.inc"/>
        <Line Value="594"/>
      </Item3>
      <Item4>
        <Source Value="midi.pas"/>
        <Line Value="516"/>
      </Item4>
    </BreakPoints>
    <Watches Count="6">
      <Item1>
        <Expression Value="SampleInfo.Frames"/>
      </Item1>
      <Item2>
        <Expression Value="SampleFile"/>
      </Item2>
      <Item3>
        <Expression Value="SelectSample.FileName"/>
      </Item3>
      <Item4>
        <Expression Value="FChilds.Count"/>
        <Enabled Value="False"/>
      </Item4>
      <Item5>
        <Expression Value="'start TPluginNode.Destroy: ' + ClassName"/>
        <Enabled Value="False"/>
      </Item5>
      <Item6>
        <Expression Value="GAudioStruct.SelectedBank.FObjectID"/>
      </Item6>
    </Watches>
    <Exceptions Count="3" IgnoreAll="True">
      <Item1>
        <Name Value="ECodetoolError"/>
      </Item1>
      <Item2>
        <Name Value="EFOpenError"/>
      </Item2>
      <Item3>
        <Name Value="EListError"/>
      </Item3>
    </Exceptions>
  </Debugging>
</CONFIG>
